
Microsoft Visual Studio Solution File, Format Version 12.00
# Visual Studio Version 16
VisualStudioVersion = 16.0.31402.337
MinimumVisualStudioVersion = 10.0.40219.1
Project("{8BC9CEB8-8B4A-11D0-8D11-00A0C91BC942}") = "Check if a Number is Multiple of 3", "Check if a Number is Multiple of 3\Check if a Number is Multiple of 3.vcxproj", "{C42873A3-9242-44F4-ADC4-D3546546FA55}"
EndProject
Project("{8BC9CEB8-8B4A-11D0-8D11-00A0C91BC942}") = "Efficient way to multiply with 7", "Efficient way to multiply with 7\Efficient way to multiply with 7.vcxproj", "{18CECF16-F78C-4CDA-BD45-DCFDB177F5F5}"
EndProject
Project("{8BC9CEB8-8B4A-11D0-8D11-00A0C91BC942}") = "Lucky Numbers", "Lucky Numbers\Lucky Numbers.vcxproj", "{6CB6FF45-A863-4012-9169-4BFCF8F20B59}"
EndProject
Project("{8BC9CEB8-8B4A-11D0-8D11-00A0C91BC942}") = "Babylonian method for square root", "Babylonian method for square root\Babylonian method for square root.vcxproj", "{FC8673E9-49D4-4C53-B7C1-AE14CC3A3F0A}"
EndProject
Project("{8BC9CEB8-8B4A-11D0-8D11-00A0C91BC942}") = "Magic Square", "Magic Square\Magic Square.vcxproj", "{198AD661-36A5-4AC6-9BE8-5BA6E5AB0AB4}"
EndProject
Project("{8BC9CEB8-8B4A-11D0-8D11-00A0C91BC942}") = "Sieve of Eratosthenes", "Sieve of Eratosthenes\Sieve of Eratosthenes.vcxproj", "{B9F9B584-0D36-4035-8BB9-BC6AD7B56E25}"
EndProject
Global
	GlobalSection(SolutionConfigurationPlatforms) = preSolution
		Debug|x64 = Debug|x64
		Debug|x86 = Debug|x86
		Release|x64 = Release|x64
		Release|x86 = Release|x86
	EndGlobalSection
	GlobalSection(ProjectConfigurationPlatforms) = postSolution
		{C42873A3-9242-44F4-ADC4-D3546546FA55}.Debug|x64.ActiveCfg = Debug|x64
		{C42873A3-9242-44F4-ADC4-D3546546FA55}.Debug|x64.Build.0 = Debug|x64
		{C42873A3-9242-44F4-ADC4-D3546546FA55}.Debug|x86.ActiveCfg = Debug|Win32
		{C42873A3-9242-44F4-ADC4-D3546546FA55}.Debug|x86.Build.0 = Debug|Win32
		{C42873A3-9242-44F4-ADC4-D3546546FA55}.Release|x64.ActiveCfg = Release|x64
		{C42873A3-9242-44F4-ADC4-D3546546FA55}.Release|x64.Build.0 = Release|x64
		{C42873A3-9242-44F4-ADC4-D3546546FA55}.Release|x86.ActiveCfg = Release|Win32
		{C42873A3-9242-44F4-ADC4-D3546546FA55}.Release|x86.Build.0 = Release|Win32
		{18CECF16-F78C-4CDA-BD45-DCFDB177F5F5}.Debug|x64.ActiveCfg = Debug|x64
		{18CECF16-F78C-4CDA-BD45-DCFDB177F5F5}.Debug|x64.Build.0 = Debug|x64
		{18CECF16-F78C-4CDA-BD45-DCFDB177F5F5}.Debug|x86.ActiveCfg = Debug|Win32
		{18CECF16-F78C-4CDA-BD45-DCFDB177F5F5}.Debug|x86.Build.0 = Debug|Win32
		{18CECF16-F78C-4CDA-BD45-DCFDB177F5F5}.Release|x64.ActiveCfg = Release|x64
		{18CECF16-F78C-4CDA-BD45-DCFDB177F5F5}.Release|x64.Build.0 = Release|x64
		{18CECF16-F78C-4CDA-BD45-DCFDB177F5F5}.Release|x86.ActiveCfg = Release|Win32
		{18CECF16-F78C-4CDA-BD45-DCFDB177F5F5}.Release|x86.Build.0 = Release|Win32
		{6CB6FF45-A863-4012-9169-4BFCF8F20B59}.Debug|x64.ActiveCfg = Debug|x64
		{6CB6FF45-A863-4012-9169-4BFCF8F20B59}.Debug|x64.Build.0 = Debug|x64
		{6CB6FF45-A863-4012-9169-4BFCF8F20B59}.Debug|x86.ActiveCfg = Debug|Win32
		{6CB6FF45-A863-4012-9169-4BFCF8F20B59}.Debug|x86.Build.0 = Debug|Win32
		{6CB6FF45-A863-4012-9169-4BFCF8F20B59}.Release|x64.ActiveCfg = Release|x64
		{6CB6FF45-A863-4012-9169-4BFCF8F20B59}.Release|x64.Build.0 = Release|x64
		{6CB6FF45-A863-4012-9169-4BFCF8F20B59}.Release|x86.ActiveCfg = Release|Win32
		{6CB6FF45-A863-4012-9169-4BFCF8F20B59}.Release|x86.Build.0 = Release|Win32
		{FC8673E9-49D4-4C53-B7C1-AE14CC3A3F0A}.Debug|x64.ActiveCfg = Debug|x64
		{FC8673E9-49D4-4C53-B7C1-AE14CC3A3F0A}.Debug|x64.Build.0 = Debug|x64
		{FC8673E9-49D4-4C53-B7C1-AE14CC3A3F0A}.Debug|x86.ActiveCfg = Debug|Win32
		{FC8673E9-49D4-4C53-B7C1-AE14CC3A3F0A}.Debug|x86.Build.0 = Debug|Win32
		{FC8673E9-49D4-4C53-B7C1-AE14CC3A3F0A}.Release|x64.ActiveCfg = Release|x64
		{FC8673E9-49D4-4C53-B7C1-AE14CC3A3F0A}.Release|x64.Build.0 = Release|x64
		{FC8673E9-49D4-4C53-B7C1-AE14CC3A3F0A}.Release|x86.ActiveCfg = Release|Win32
		{FC8673E9-49D4-4C53-B7C1-AE14CC3A3F0A}.Release|x86.Build.0 = Release|Win32
		{198AD661-36A5-4AC6-9BE8-5BA6E5AB0AB4}.Debug|x64.ActiveCfg = Debug|x64
		{198AD661-36A5-4AC6-9BE8-5BA6E5AB0AB4}.Debug|x64.Build.0 = Debug|x64
		{198AD661-36A5-4AC6-9BE8-5BA6E5AB0AB4}.Debug|x86.ActiveCfg = Debug|Win32
		{198AD661-36A5-4AC6-9BE8-5BA6E5AB0AB4}.Debug|x86.Build.0 = Debug|Win32
		{198AD661-36A5-4AC6-9BE8-5BA6E5AB0AB4}.Release|x64.ActiveCfg = Release|x64
		{198AD661-36A5-4AC6-9BE8-5BA6E5AB0AB4}.Release|x64.Build.0 = Release|x64
		{198AD661-36A5-4AC6-9BE8-5BA6E5AB0AB4}.Release|x86.ActiveCfg = Release|Win32
		{198AD661-36A5-4AC6-9BE8-5BA6E5AB0AB4}.Release|x86.Build.0 = Release|Win32
		{B9F9B584-0D36-4035-8BB9-BC6AD7B56E25}.Debug|x64.ActiveCfg = Debug|x64
		{B9F9B584-0D36-4035-8BB9-BC6AD7B56E25}.Debug|x64.Build.0 = Debug|x64
		{B9F9B584-0D36-4035-8BB9-BC6AD7B56E25}.Debug|x86.ActiveCfg = Debug|Win32
		{B9F9B584-0D36-4035-8BB9-BC6AD7B56E25}.Debug|x86.Build.0 = Debug|Win32
		{B9F9B584-0D36-4035-8BB9-BC6AD7B56E25}.Release|x64.ActiveCfg = Release|x64
		{B9F9B584-0D36-4035-8BB9-BC6AD7B56E25}.Release|x64.Build.0 = Release|x64
		{B9F9B584-0D36-4035-8BB9-BC6AD7B56E25}.Release|x86.ActiveCfg = Release|Win32
		{B9F9B584-0D36-4035-8BB9-BC6AD7B56E25}.Release|x86.Build.0 = Release|Win32
	EndGlobalSection
	GlobalSection(SolutionProperties) = preSolution
		HideSolutionNode = FALSE
	EndGlobalSection
	GlobalSection(ExtensibilityGlobals) = postSolution
		SolutionGuid = {7F523F50-88BF-4729-B7D2-17AD7B2147E7}
	EndGlobalSection
EndGlobal
