
Microsoft Visual Studio Solution File, Format Version 12.00
# Visual Studio Version 16
VisualStudioVersion = 16.0.31402.337
MinimumVisualStudioVersion = 10.0.40219.1
Project("{8BC9CEB8-8B4A-11D0-8D11-00A0C91BC942}") = "Find the element that appears once", "Find the element that appears once\Find the element that appears once.vcxproj", "{CE9454A1-1B45-4BB3-B526-86B410FE3E95}"
EndProject
Global
	GlobalSection(SolutionConfigurationPlatforms) = preSolution
		Debug|x64 = Debug|x64
		Debug|x86 = Debug|x86
		Release|x64 = Release|x64
		Release|x86 = Release|x86
	EndGlobalSection
	GlobalSection(ProjectConfigurationPlatforms) = postSolution
		{CE9454A1-1B45-4BB3-B526-86B410FE3E95}.Debug|x64.ActiveCfg = Debug|x64
		{CE9454A1-1B45-4BB3-B526-86B410FE3E95}.Debug|x64.Build.0 = Debug|x64
		{CE9454A1-1B45-4BB3-B526-86B410FE3E95}.Debug|x86.ActiveCfg = Debug|Win32
		{CE9454A1-1B45-4BB3-B526-86B410FE3E95}.Debug|x86.Build.0 = Debug|Win32
		{CE9454A1-1B45-4BB3-B526-86B410FE3E95}.Release|x64.ActiveCfg = Release|x64
		{CE9454A1-1B45-4BB3-B526-86B410FE3E95}.Release|x64.Build.0 = Release|x64
		{CE9454A1-1B45-4BB3-B526-86B410FE3E95}.Release|x86.ActiveCfg = Release|Win32
		{CE9454A1-1B45-4BB3-B526-86B410FE3E95}.Release|x86.Build.0 = Release|Win32
	EndGlobalSection
	GlobalSection(SolutionProperties) = preSolution
		HideSolutionNode = FALSE
	EndGlobalSection
	GlobalSection(ExtensibilityGlobals) = postSolution
		SolutionGuid = {6CAAA88A-7942-4D73-861B-C6B60E262B00}
	EndGlobalSection
EndGlobal
