
Microsoft Visual Studio Solution File, Format Version 12.00
# Visual Studio Version 16
VisualStudioVersion = 16.0.31402.337
MinimumVisualStudioVersion = 10.0.40219.1
Project("{8BC9CEB8-8B4A-11D0-8D11-00A0C91BC942}") = "Biconnected Components", "Biconnected Components\Biconnected Components.vcxproj", "{B7D725C0-06D8-4324-B234-E38C450D59C4}"
EndProject
Project("{8BC9CEB8-8B4A-11D0-8D11-00A0C91BC942}") = "BFS for a Graph", "BFS for a Graph\BFS for a Graph.vcxproj", "{20417434-2B4A-4AEF-8B14-E82265D16AD6}"
EndProject
Project("{8BC9CEB8-8B4A-11D0-8D11-00A0C91BC942}") = "DFS for a Graph", "DFS for a Graph\DFS for a Graph.vcxproj", "{1DD48181-9270-4C81-B988-DC8FCEE21053}"
EndProject
Project("{8BC9CEB8-8B4A-11D0-8D11-00A0C91BC942}") = "Longest Path in a Directed Acyclic Graph", "Longest Path in a Directed Acyclic Graph\Longest Path in a Directed Acyclic Graph.vcxproj", "{55048A85-988B-4606-B211-3035C30E7E78}"
EndProject
Project("{8BC9CEB8-8B4A-11D0-8D11-00A0C91BC942}") = "Topological Sorting", "Topological Sorting\Topological Sorting.vcxproj", "{4FD0EDB0-04EE-49BA-ABB1-81463364F23D}"
EndProject
Project("{8BC9CEB8-8B4A-11D0-8D11-00A0C91BC942}") = "Graph is Bipartite or not", "Graph is Bipartite or not\Graph is Bipartite or not.vcxproj", "{44610E6B-E307-4A0A-B7C9-49E571102F30}"
EndProject
Project("{8BC9CEB8-8B4A-11D0-8D11-00A0C91BC942}") = "Check if a given graph is tree or not", "Check if a given graph is tree or not\Check if a given graph is tree or not.vcxproj", "{C5D05CA8-2335-4E04-B476-9C80E66E1D08}"
EndProject
Project("{8BC9CEB8-8B4A-11D0-8D11-00A0C91BC942}") = "Prim’s Minimum Spanning Tree", "Prim’s Minimum Spanning Tree\Prim’s Minimum Spanning Tree.vcxproj", "{38D256E5-5B72-45A2-80C3-C56C33682E6E}"
EndProject
Project("{8BC9CEB8-8B4A-11D0-8D11-00A0C91BC942}") = "Detect Cycle in an Undirected Graph using Disjoint Set", "Detect Cycle in an Undirected Graph using Disjoint Set\Detect Cycle in an Undirected Graph using Disjoint Set.vcxproj", "{50192C41-48EE-44DF-853E-FE8FD2801326}"
EndProject
Project("{8BC9CEB8-8B4A-11D0-8D11-00A0C91BC942}") = "Kruskal’s Minimum Spanning Tree", "Kruskal’s Minimum Spanning Tree\Kruskal’s Minimum Spanning Tree.vcxproj", "{BE797F75-7768-479A-99C7-CA39DF7990F1}"
EndProject
Project("{8BC9CEB8-8B4A-11D0-8D11-00A0C91BC942}") = "Dijkstra’s shortest path algorithm", "Dijkstra’s shortest path algorithm\Dijkstra’s shortest path algorithm.vcxproj", "{EE7B10F6-C127-414F-B4B4-ABF251B13A5E}"
EndProject
Project("{8BC9CEB8-8B4A-11D0-8D11-00A0C91BC942}") = "Bellman-Ford shortest path algorithm", "Bellman-Ford shortest path algorithm\Bellman-Ford shortest path algorithm.vcxproj", "{460436A9-6E14-47E0-BB94-54190B610624}"
EndProject
Project("{8BC9CEB8-8B4A-11D0-8D11-00A0C91BC942}") = "Floyd Warshall's all pairs shortest path algorithm", "Floyd Warshall's all pairs shortest path algorithm\Floyd Warshall's all pairs shortest path algorithm.vcxproj", "{FB21B20F-130D-4455-AFED-6D3DB43B7934}"
EndProject
Project("{8BC9CEB8-8B4A-11D0-8D11-00A0C91BC942}") = "Shortest Path in Directed Acyclic Graph", "Shortest Path in Directed Acyclic Graph\Shortest Path in Directed Acyclic Graph.vcxproj", "{69FA7CAB-029D-4006-9109-E8DA8B645532}"
EndProject
Project("{8BC9CEB8-8B4A-11D0-8D11-00A0C91BC942}") = "Find if there is a path between two vertices in a directed graph", "Find if there is a path between two vertices in a directed graph\Find if there is a path between two vertices in a directed graph.vcxproj", "{1DA0FD92-7E21-4C97-97C3-3CAC9BCFDFEF}"
EndProject
Project("{8BC9CEB8-8B4A-11D0-8D11-00A0C91BC942}") = "Kosaraju Algorithm", "Kosaraju Algorithm\Kosaraju Algorithm.vcxproj", "{059F41E8-60DF-4A15-811A-5C8A4ADB3F7E}"
EndProject
Project("{8BC9CEB8-8B4A-11D0-8D11-00A0C91BC942}") = "Check if a graph is strongly connected", "Check if a graph is strongly connected\Check if a graph is strongly connected.vcxproj", "{6F000C73-1D11-40E9-BBD7-E334D89BB8B7}"
EndProject
Project("{8BC9CEB8-8B4A-11D0-8D11-00A0C91BC942}") = "Tarjan’s Algorithm to find Strongly Connected Components", "Tarjan’s Algorithm to find Strongly Connected Components\Tarjan’s Algorithm to find Strongly Connected Components.vcxproj", "{83823609-B19D-4463-B587-92B96E930037}"
EndProject
Project("{8BC9CEB8-8B4A-11D0-8D11-00A0C91BC942}") = "Articulation Points (or Cut Vertices) in a Graph", "Articulation Points (or Cut Vertices) in a Graph\Articulation Points (or Cut Vertices) in a Graph.vcxproj", "{27414C3A-73B4-48DB-A77E-D046B2836A93}"
EndProject
Project("{8BC9CEB8-8B4A-11D0-8D11-00A0C91BC942}") = "Biconnected graph", "Biconnected graph\Biconnected graph.vcxproj", "{4071FB97-7D5A-41F1-8D12-EB63C54A32C1}"
EndProject
Project("{8BC9CEB8-8B4A-11D0-8D11-00A0C91BC942}") = "Bridges (Cut Edges) in a graph", "Bridges (Cut Edges) in a graph\Bridges (Cut Edges) in a graph.vcxproj", "{E7E417CF-AD5B-4458-9912-EBF40B704C4E}"
EndProject
Project("{8BC9CEB8-8B4A-11D0-8D11-00A0C91BC942}") = "Eulerian path and circuit for undirected graph", "Eulerian path and circuit for undirected graph\Eulerian path and circuit for undirected graph.vcxproj", "{0D6D89BE-008C-4FC5-881F-8A9CBCF3439F}"
EndProject
Project("{8BC9CEB8-8B4A-11D0-8D11-00A0C91BC942}") = "Find the number of islands", "Find the number of islands\Find the number of islands.vcxproj", "{8FB7A237-1A88-4BE7-B877-06AC25C49EBC}"
EndProject
Project("{8BC9CEB8-8B4A-11D0-8D11-00A0C91BC942}") = "Transitive closure of a graph", "Transitive closure of a graph\Transitive closure of a graph.vcxproj", "{653BDA2F-4ED6-410A-A7B5-75C15D4E998A}"
EndProject
Project("{8BC9CEB8-8B4A-11D0-8D11-00A0C91BC942}") = "Possible walks from a source to a destination with exactly k edges", "Possible walks from a source to a destination with exactly k edges\Possible walks from a source to a destination with exactly k edges.vcxproj", "{FC6B6CEF-55F7-4DD2-BF6B-FF2671C2D7A7}"
EndProject
Project("{8BC9CEB8-8B4A-11D0-8D11-00A0C91BC942}") = "Euler Circuit in a Directed Graph", "Euler Circuit in a Directed Graph\Euler Circuit in a Directed Graph.vcxproj", "{3FC1EDA6-94ED-4D58-8327-DAA183F6B9C0}"
EndProject
Project("{8BC9CEB8-8B4A-11D0-8D11-00A0C91BC942}") = "Graph Coloring", "Graph Coloring\Graph Coloring.vcxproj", "{D4698E0B-D9F3-4B8C-8369-0639DC29A2BA}"
EndProject
Project("{8BC9CEB8-8B4A-11D0-8D11-00A0C91BC942}") = "Travelling Salesman Problem (TSP)", "Travelling Salesman Problem (TSP)\Travelling Salesman Problem (TSP).vcxproj", "{9F567E32-2B05-458E-8687-B3728B7F51A5}"
EndProject
Project("{8BC9CEB8-8B4A-11D0-8D11-00A0C91BC942}") = "Hamiltonian Cycle", "Hamiltonian Cycle\Hamiltonian Cycle.vcxproj", "{EB4ED6B9-C23C-42F0-A4F3-8B491DB80694}"
EndProject
Project("{8BC9CEB8-8B4A-11D0-8D11-00A0C91BC942}") = "Ford-Fulkerson Algorithm for Maximum Flow Problem", "Ford-Fulkerson Algorithm for Maximum Flow Problem\Ford-Fulkerson Algorithm for Maximum Flow Problem.vcxproj", "{820BF5AF-BE1C-4E8D-BD97-534B8E1E3D7B}"
EndProject
Project("{8BC9CEB8-8B4A-11D0-8D11-00A0C91BC942}") = "Find if an array of strings can be chained to form a circle", "Find if an array of strings can be chained to form a circle\Find if an array of strings can be chained to form a circle.vcxproj", "{8D507DC7-EC8D-4DE0-9113-DC090E72E48F}"
EndProject
Global
	GlobalSection(SolutionConfigurationPlatforms) = preSolution
		Debug|x64 = Debug|x64
		Debug|x86 = Debug|x86
		Release|x64 = Release|x64
		Release|x86 = Release|x86
	EndGlobalSection
	GlobalSection(ProjectConfigurationPlatforms) = postSolution
		{B7D725C0-06D8-4324-B234-E38C450D59C4}.Debug|x64.ActiveCfg = Debug|x64
		{B7D725C0-06D8-4324-B234-E38C450D59C4}.Debug|x64.Build.0 = Debug|x64
		{B7D725C0-06D8-4324-B234-E38C450D59C4}.Debug|x86.ActiveCfg = Debug|Win32
		{B7D725C0-06D8-4324-B234-E38C450D59C4}.Debug|x86.Build.0 = Debug|Win32
		{B7D725C0-06D8-4324-B234-E38C450D59C4}.Release|x64.ActiveCfg = Release|x64
		{B7D725C0-06D8-4324-B234-E38C450D59C4}.Release|x64.Build.0 = Release|x64
		{B7D725C0-06D8-4324-B234-E38C450D59C4}.Release|x86.ActiveCfg = Release|Win32
		{B7D725C0-06D8-4324-B234-E38C450D59C4}.Release|x86.Build.0 = Release|Win32
		{20417434-2B4A-4AEF-8B14-E82265D16AD6}.Debug|x64.ActiveCfg = Debug|x64
		{20417434-2B4A-4AEF-8B14-E82265D16AD6}.Debug|x64.Build.0 = Debug|x64
		{20417434-2B4A-4AEF-8B14-E82265D16AD6}.Debug|x86.ActiveCfg = Debug|Win32
		{20417434-2B4A-4AEF-8B14-E82265D16AD6}.Debug|x86.Build.0 = Debug|Win32
		{20417434-2B4A-4AEF-8B14-E82265D16AD6}.Release|x64.ActiveCfg = Release|x64
		{20417434-2B4A-4AEF-8B14-E82265D16AD6}.Release|x64.Build.0 = Release|x64
		{20417434-2B4A-4AEF-8B14-E82265D16AD6}.Release|x86.ActiveCfg = Release|Win32
		{20417434-2B4A-4AEF-8B14-E82265D16AD6}.Release|x86.Build.0 = Release|Win32
		{1DD48181-9270-4C81-B988-DC8FCEE21053}.Debug|x64.ActiveCfg = Debug|x64
		{1DD48181-9270-4C81-B988-DC8FCEE21053}.Debug|x64.Build.0 = Debug|x64
		{1DD48181-9270-4C81-B988-DC8FCEE21053}.Debug|x86.ActiveCfg = Debug|Win32
		{1DD48181-9270-4C81-B988-DC8FCEE21053}.Debug|x86.Build.0 = Debug|Win32
		{1DD48181-9270-4C81-B988-DC8FCEE21053}.Release|x64.ActiveCfg = Release|x64
		{1DD48181-9270-4C81-B988-DC8FCEE21053}.Release|x64.Build.0 = Release|x64
		{1DD48181-9270-4C81-B988-DC8FCEE21053}.Release|x86.ActiveCfg = Release|Win32
		{1DD48181-9270-4C81-B988-DC8FCEE21053}.Release|x86.Build.0 = Release|Win32
		{55048A85-988B-4606-B211-3035C30E7E78}.Debug|x64.ActiveCfg = Debug|x64
		{55048A85-988B-4606-B211-3035C30E7E78}.Debug|x64.Build.0 = Debug|x64
		{55048A85-988B-4606-B211-3035C30E7E78}.Debug|x86.ActiveCfg = Debug|Win32
		{55048A85-988B-4606-B211-3035C30E7E78}.Debug|x86.Build.0 = Debug|Win32
		{55048A85-988B-4606-B211-3035C30E7E78}.Release|x64.ActiveCfg = Release|x64
		{55048A85-988B-4606-B211-3035C30E7E78}.Release|x64.Build.0 = Release|x64
		{55048A85-988B-4606-B211-3035C30E7E78}.Release|x86.ActiveCfg = Release|Win32
		{55048A85-988B-4606-B211-3035C30E7E78}.Release|x86.Build.0 = Release|Win32
		{4FD0EDB0-04EE-49BA-ABB1-81463364F23D}.Debug|x64.ActiveCfg = Debug|x64
		{4FD0EDB0-04EE-49BA-ABB1-81463364F23D}.Debug|x64.Build.0 = Debug|x64
		{4FD0EDB0-04EE-49BA-ABB1-81463364F23D}.Debug|x86.ActiveCfg = Debug|Win32
		{4FD0EDB0-04EE-49BA-ABB1-81463364F23D}.Debug|x86.Build.0 = Debug|Win32
		{4FD0EDB0-04EE-49BA-ABB1-81463364F23D}.Release|x64.ActiveCfg = Release|x64
		{4FD0EDB0-04EE-49BA-ABB1-81463364F23D}.Release|x64.Build.0 = Release|x64
		{4FD0EDB0-04EE-49BA-ABB1-81463364F23D}.Release|x86.ActiveCfg = Release|Win32
		{4FD0EDB0-04EE-49BA-ABB1-81463364F23D}.Release|x86.Build.0 = Release|Win32
		{44610E6B-E307-4A0A-B7C9-49E571102F30}.Debug|x64.ActiveCfg = Debug|x64
		{44610E6B-E307-4A0A-B7C9-49E571102F30}.Debug|x64.Build.0 = Debug|x64
		{44610E6B-E307-4A0A-B7C9-49E571102F30}.Debug|x86.ActiveCfg = Debug|Win32
		{44610E6B-E307-4A0A-B7C9-49E571102F30}.Debug|x86.Build.0 = Debug|Win32
		{44610E6B-E307-4A0A-B7C9-49E571102F30}.Release|x64.ActiveCfg = Release|x64
		{44610E6B-E307-4A0A-B7C9-49E571102F30}.Release|x64.Build.0 = Release|x64
		{44610E6B-E307-4A0A-B7C9-49E571102F30}.Release|x86.ActiveCfg = Release|Win32
		{44610E6B-E307-4A0A-B7C9-49E571102F30}.Release|x86.Build.0 = Release|Win32
		{C5D05CA8-2335-4E04-B476-9C80E66E1D08}.Debug|x64.ActiveCfg = Debug|x64
		{C5D05CA8-2335-4E04-B476-9C80E66E1D08}.Debug|x64.Build.0 = Debug|x64
		{C5D05CA8-2335-4E04-B476-9C80E66E1D08}.Debug|x86.ActiveCfg = Debug|Win32
		{C5D05CA8-2335-4E04-B476-9C80E66E1D08}.Debug|x86.Build.0 = Debug|Win32
		{C5D05CA8-2335-4E04-B476-9C80E66E1D08}.Release|x64.ActiveCfg = Release|x64
		{C5D05CA8-2335-4E04-B476-9C80E66E1D08}.Release|x64.Build.0 = Release|x64
		{C5D05CA8-2335-4E04-B476-9C80E66E1D08}.Release|x86.ActiveCfg = Release|Win32
		{C5D05CA8-2335-4E04-B476-9C80E66E1D08}.Release|x86.Build.0 = Release|Win32
		{38D256E5-5B72-45A2-80C3-C56C33682E6E}.Debug|x64.ActiveCfg = Debug|x64
		{38D256E5-5B72-45A2-80C3-C56C33682E6E}.Debug|x64.Build.0 = Debug|x64
		{38D256E5-5B72-45A2-80C3-C56C33682E6E}.Debug|x86.ActiveCfg = Debug|Win32
		{38D256E5-5B72-45A2-80C3-C56C33682E6E}.Debug|x86.Build.0 = Debug|Win32
		{38D256E5-5B72-45A2-80C3-C56C33682E6E}.Release|x64.ActiveCfg = Release|x64
		{38D256E5-5B72-45A2-80C3-C56C33682E6E}.Release|x64.Build.0 = Release|x64
		{38D256E5-5B72-45A2-80C3-C56C33682E6E}.Release|x86.ActiveCfg = Release|Win32
		{38D256E5-5B72-45A2-80C3-C56C33682E6E}.Release|x86.Build.0 = Release|Win32
		{50192C41-48EE-44DF-853E-FE8FD2801326}.Debug|x64.ActiveCfg = Debug|x64
		{50192C41-48EE-44DF-853E-FE8FD2801326}.Debug|x64.Build.0 = Debug|x64
		{50192C41-48EE-44DF-853E-FE8FD2801326}.Debug|x86.ActiveCfg = Debug|Win32
		{50192C41-48EE-44DF-853E-FE8FD2801326}.Debug|x86.Build.0 = Debug|Win32
		{50192C41-48EE-44DF-853E-FE8FD2801326}.Release|x64.ActiveCfg = Release|x64
		{50192C41-48EE-44DF-853E-FE8FD2801326}.Release|x64.Build.0 = Release|x64
		{50192C41-48EE-44DF-853E-FE8FD2801326}.Release|x86.ActiveCfg = Release|Win32
		{50192C41-48EE-44DF-853E-FE8FD2801326}.Release|x86.Build.0 = Release|Win32
		{BE797F75-7768-479A-99C7-CA39DF7990F1}.Debug|x64.ActiveCfg = Debug|x64
		{BE797F75-7768-479A-99C7-CA39DF7990F1}.Debug|x64.Build.0 = Debug|x64
		{BE797F75-7768-479A-99C7-CA39DF7990F1}.Debug|x86.ActiveCfg = Debug|Win32
		{BE797F75-7768-479A-99C7-CA39DF7990F1}.Debug|x86.Build.0 = Debug|Win32
		{BE797F75-7768-479A-99C7-CA39DF7990F1}.Release|x64.ActiveCfg = Release|x64
		{BE797F75-7768-479A-99C7-CA39DF7990F1}.Release|x64.Build.0 = Release|x64
		{BE797F75-7768-479A-99C7-CA39DF7990F1}.Release|x86.ActiveCfg = Release|Win32
		{BE797F75-7768-479A-99C7-CA39DF7990F1}.Release|x86.Build.0 = Release|Win32
		{EE7B10F6-C127-414F-B4B4-ABF251B13A5E}.Debug|x64.ActiveCfg = Debug|x64
		{EE7B10F6-C127-414F-B4B4-ABF251B13A5E}.Debug|x64.Build.0 = Debug|x64
		{EE7B10F6-C127-414F-B4B4-ABF251B13A5E}.Debug|x86.ActiveCfg = Debug|Win32
		{EE7B10F6-C127-414F-B4B4-ABF251B13A5E}.Debug|x86.Build.0 = Debug|Win32
		{EE7B10F6-C127-414F-B4B4-ABF251B13A5E}.Release|x64.ActiveCfg = Release|x64
		{EE7B10F6-C127-414F-B4B4-ABF251B13A5E}.Release|x64.Build.0 = Release|x64
		{EE7B10F6-C127-414F-B4B4-ABF251B13A5E}.Release|x86.ActiveCfg = Release|Win32
		{EE7B10F6-C127-414F-B4B4-ABF251B13A5E}.Release|x86.Build.0 = Release|Win32
		{460436A9-6E14-47E0-BB94-54190B610624}.Debug|x64.ActiveCfg = Debug|x64
		{460436A9-6E14-47E0-BB94-54190B610624}.Debug|x64.Build.0 = Debug|x64
		{460436A9-6E14-47E0-BB94-54190B610624}.Debug|x86.ActiveCfg = Debug|Win32
		{460436A9-6E14-47E0-BB94-54190B610624}.Debug|x86.Build.0 = Debug|Win32
		{460436A9-6E14-47E0-BB94-54190B610624}.Release|x64.ActiveCfg = Release|x64
		{460436A9-6E14-47E0-BB94-54190B610624}.Release|x64.Build.0 = Release|x64
		{460436A9-6E14-47E0-BB94-54190B610624}.Release|x86.ActiveCfg = Release|Win32
		{460436A9-6E14-47E0-BB94-54190B610624}.Release|x86.Build.0 = Release|Win32
		{FB21B20F-130D-4455-AFED-6D3DB43B7934}.Debug|x64.ActiveCfg = Debug|x64
		{FB21B20F-130D-4455-AFED-6D3DB43B7934}.Debug|x64.Build.0 = Debug|x64
		{FB21B20F-130D-4455-AFED-6D3DB43B7934}.Debug|x86.ActiveCfg = Debug|Win32
		{FB21B20F-130D-4455-AFED-6D3DB43B7934}.Debug|x86.Build.0 = Debug|Win32
		{FB21B20F-130D-4455-AFED-6D3DB43B7934}.Release|x64.ActiveCfg = Release|x64
		{FB21B20F-130D-4455-AFED-6D3DB43B7934}.Release|x64.Build.0 = Release|x64
		{FB21B20F-130D-4455-AFED-6D3DB43B7934}.Release|x86.ActiveCfg = Release|Win32
		{FB21B20F-130D-4455-AFED-6D3DB43B7934}.Release|x86.Build.0 = Release|Win32
		{69FA7CAB-029D-4006-9109-E8DA8B645532}.Debug|x64.ActiveCfg = Debug|x64
		{69FA7CAB-029D-4006-9109-E8DA8B645532}.Debug|x64.Build.0 = Debug|x64
		{69FA7CAB-029D-4006-9109-E8DA8B645532}.Debug|x86.ActiveCfg = Debug|Win32
		{69FA7CAB-029D-4006-9109-E8DA8B645532}.Debug|x86.Build.0 = Debug|Win32
		{69FA7CAB-029D-4006-9109-E8DA8B645532}.Release|x64.ActiveCfg = Release|x64
		{69FA7CAB-029D-4006-9109-E8DA8B645532}.Release|x64.Build.0 = Release|x64
		{69FA7CAB-029D-4006-9109-E8DA8B645532}.Release|x86.ActiveCfg = Release|Win32
		{69FA7CAB-029D-4006-9109-E8DA8B645532}.Release|x86.Build.0 = Release|Win32
		{1DA0FD92-7E21-4C97-97C3-3CAC9BCFDFEF}.Debug|x64.ActiveCfg = Debug|x64
		{1DA0FD92-7E21-4C97-97C3-3CAC9BCFDFEF}.Debug|x64.Build.0 = Debug|x64
		{1DA0FD92-7E21-4C97-97C3-3CAC9BCFDFEF}.Debug|x86.ActiveCfg = Debug|Win32
		{1DA0FD92-7E21-4C97-97C3-3CAC9BCFDFEF}.Debug|x86.Build.0 = Debug|Win32
		{1DA0FD92-7E21-4C97-97C3-3CAC9BCFDFEF}.Release|x64.ActiveCfg = Release|x64
		{1DA0FD92-7E21-4C97-97C3-3CAC9BCFDFEF}.Release|x64.Build.0 = Release|x64
		{1DA0FD92-7E21-4C97-97C3-3CAC9BCFDFEF}.Release|x86.ActiveCfg = Release|Win32
		{1DA0FD92-7E21-4C97-97C3-3CAC9BCFDFEF}.Release|x86.Build.0 = Release|Win32
		{059F41E8-60DF-4A15-811A-5C8A4ADB3F7E}.Debug|x64.ActiveCfg = Debug|x64
		{059F41E8-60DF-4A15-811A-5C8A4ADB3F7E}.Debug|x64.Build.0 = Debug|x64
		{059F41E8-60DF-4A15-811A-5C8A4ADB3F7E}.Debug|x86.ActiveCfg = Debug|Win32
		{059F41E8-60DF-4A15-811A-5C8A4ADB3F7E}.Debug|x86.Build.0 = Debug|Win32
		{059F41E8-60DF-4A15-811A-5C8A4ADB3F7E}.Release|x64.ActiveCfg = Release|x64
		{059F41E8-60DF-4A15-811A-5C8A4ADB3F7E}.Release|x64.Build.0 = Release|x64
		{059F41E8-60DF-4A15-811A-5C8A4ADB3F7E}.Release|x86.ActiveCfg = Release|Win32
		{059F41E8-60DF-4A15-811A-5C8A4ADB3F7E}.Release|x86.Build.0 = Release|Win32
		{6F000C73-1D11-40E9-BBD7-E334D89BB8B7}.Debug|x64.ActiveCfg = Debug|x64
		{6F000C73-1D11-40E9-BBD7-E334D89BB8B7}.Debug|x64.Build.0 = Debug|x64
		{6F000C73-1D11-40E9-BBD7-E334D89BB8B7}.Debug|x86.ActiveCfg = Debug|Win32
		{6F000C73-1D11-40E9-BBD7-E334D89BB8B7}.Debug|x86.Build.0 = Debug|Win32
		{6F000C73-1D11-40E9-BBD7-E334D89BB8B7}.Release|x64.ActiveCfg = Release|x64
		{6F000C73-1D11-40E9-BBD7-E334D89BB8B7}.Release|x64.Build.0 = Release|x64
		{6F000C73-1D11-40E9-BBD7-E334D89BB8B7}.Release|x86.ActiveCfg = Release|Win32
		{6F000C73-1D11-40E9-BBD7-E334D89BB8B7}.Release|x86.Build.0 = Release|Win32
		{83823609-B19D-4463-B587-92B96E930037}.Debug|x64.ActiveCfg = Debug|x64
		{83823609-B19D-4463-B587-92B96E930037}.Debug|x64.Build.0 = Debug|x64
		{83823609-B19D-4463-B587-92B96E930037}.Debug|x86.ActiveCfg = Debug|Win32
		{83823609-B19D-4463-B587-92B96E930037}.Debug|x86.Build.0 = Debug|Win32
		{83823609-B19D-4463-B587-92B96E930037}.Release|x64.ActiveCfg = Release|x64
		{83823609-B19D-4463-B587-92B96E930037}.Release|x64.Build.0 = Release|x64
		{83823609-B19D-4463-B587-92B96E930037}.Release|x86.ActiveCfg = Release|Win32
		{83823609-B19D-4463-B587-92B96E930037}.Release|x86.Build.0 = Release|Win32
		{27414C3A-73B4-48DB-A77E-D046B2836A93}.Debug|x64.ActiveCfg = Debug|x64
		{27414C3A-73B4-48DB-A77E-D046B2836A93}.Debug|x64.Build.0 = Debug|x64
		{27414C3A-73B4-48DB-A77E-D046B2836A93}.Debug|x86.ActiveCfg = Debug|Win32
		{27414C3A-73B4-48DB-A77E-D046B2836A93}.Debug|x86.Build.0 = Debug|Win32
		{27414C3A-73B4-48DB-A77E-D046B2836A93}.Release|x64.ActiveCfg = Release|x64
		{27414C3A-73B4-48DB-A77E-D046B2836A93}.Release|x64.Build.0 = Release|x64
		{27414C3A-73B4-48DB-A77E-D046B2836A93}.Release|x86.ActiveCfg = Release|Win32
		{27414C3A-73B4-48DB-A77E-D046B2836A93}.Release|x86.Build.0 = Release|Win32
		{4071FB97-7D5A-41F1-8D12-EB63C54A32C1}.Debug|x64.ActiveCfg = Debug|x64
		{4071FB97-7D5A-41F1-8D12-EB63C54A32C1}.Debug|x64.Build.0 = Debug|x64
		{4071FB97-7D5A-41F1-8D12-EB63C54A32C1}.Debug|x86.ActiveCfg = Debug|Win32
		{4071FB97-7D5A-41F1-8D12-EB63C54A32C1}.Debug|x86.Build.0 = Debug|Win32
		{4071FB97-7D5A-41F1-8D12-EB63C54A32C1}.Release|x64.ActiveCfg = Release|x64
		{4071FB97-7D5A-41F1-8D12-EB63C54A32C1}.Release|x64.Build.0 = Release|x64
		{4071FB97-7D5A-41F1-8D12-EB63C54A32C1}.Release|x86.ActiveCfg = Release|Win32
		{4071FB97-7D5A-41F1-8D12-EB63C54A32C1}.Release|x86.Build.0 = Release|Win32
		{E7E417CF-AD5B-4458-9912-EBF40B704C4E}.Debug|x64.ActiveCfg = Debug|x64
		{E7E417CF-AD5B-4458-9912-EBF40B704C4E}.Debug|x64.Build.0 = Debug|x64
		{E7E417CF-AD5B-4458-9912-EBF40B704C4E}.Debug|x86.ActiveCfg = Debug|Win32
		{E7E417CF-AD5B-4458-9912-EBF40B704C4E}.Debug|x86.Build.0 = Debug|Win32
		{E7E417CF-AD5B-4458-9912-EBF40B704C4E}.Release|x64.ActiveCfg = Release|x64
		{E7E417CF-AD5B-4458-9912-EBF40B704C4E}.Release|x64.Build.0 = Release|x64
		{E7E417CF-AD5B-4458-9912-EBF40B704C4E}.Release|x86.ActiveCfg = Release|Win32
		{E7E417CF-AD5B-4458-9912-EBF40B704C4E}.Release|x86.Build.0 = Release|Win32
		{0D6D89BE-008C-4FC5-881F-8A9CBCF3439F}.Debug|x64.ActiveCfg = Debug|x64
		{0D6D89BE-008C-4FC5-881F-8A9CBCF3439F}.Debug|x64.Build.0 = Debug|x64
		{0D6D89BE-008C-4FC5-881F-8A9CBCF3439F}.Debug|x86.ActiveCfg = Debug|Win32
		{0D6D89BE-008C-4FC5-881F-8A9CBCF3439F}.Debug|x86.Build.0 = Debug|Win32
		{0D6D89BE-008C-4FC5-881F-8A9CBCF3439F}.Release|x64.ActiveCfg = Release|x64
		{0D6D89BE-008C-4FC5-881F-8A9CBCF3439F}.Release|x64.Build.0 = Release|x64
		{0D6D89BE-008C-4FC5-881F-8A9CBCF3439F}.Release|x86.ActiveCfg = Release|Win32
		{0D6D89BE-008C-4FC5-881F-8A9CBCF3439F}.Release|x86.Build.0 = Release|Win32
		{8FB7A237-1A88-4BE7-B877-06AC25C49EBC}.Debug|x64.ActiveCfg = Debug|x64
		{8FB7A237-1A88-4BE7-B877-06AC25C49EBC}.Debug|x64.Build.0 = Debug|x64
		{8FB7A237-1A88-4BE7-B877-06AC25C49EBC}.Debug|x86.ActiveCfg = Debug|Win32
		{8FB7A237-1A88-4BE7-B877-06AC25C49EBC}.Debug|x86.Build.0 = Debug|Win32
		{8FB7A237-1A88-4BE7-B877-06AC25C49EBC}.Release|x64.ActiveCfg = Release|x64
		{8FB7A237-1A88-4BE7-B877-06AC25C49EBC}.Release|x64.Build.0 = Release|x64
		{8FB7A237-1A88-4BE7-B877-06AC25C49EBC}.Release|x86.ActiveCfg = Release|Win32
		{8FB7A237-1A88-4BE7-B877-06AC25C49EBC}.Release|x86.Build.0 = Release|Win32
		{653BDA2F-4ED6-410A-A7B5-75C15D4E998A}.Debug|x64.ActiveCfg = Debug|x64
		{653BDA2F-4ED6-410A-A7B5-75C15D4E998A}.Debug|x64.Build.0 = Debug|x64
		{653BDA2F-4ED6-410A-A7B5-75C15D4E998A}.Debug|x86.ActiveCfg = Debug|Win32
		{653BDA2F-4ED6-410A-A7B5-75C15D4E998A}.Debug|x86.Build.0 = Debug|Win32
		{653BDA2F-4ED6-410A-A7B5-75C15D4E998A}.Release|x64.ActiveCfg = Release|x64
		{653BDA2F-4ED6-410A-A7B5-75C15D4E998A}.Release|x64.Build.0 = Release|x64
		{653BDA2F-4ED6-410A-A7B5-75C15D4E998A}.Release|x86.ActiveCfg = Release|Win32
		{653BDA2F-4ED6-410A-A7B5-75C15D4E998A}.Release|x86.Build.0 = Release|Win32
		{FC6B6CEF-55F7-4DD2-BF6B-FF2671C2D7A7}.Debug|x64.ActiveCfg = Debug|x64
		{FC6B6CEF-55F7-4DD2-BF6B-FF2671C2D7A7}.Debug|x64.Build.0 = Debug|x64
		{FC6B6CEF-55F7-4DD2-BF6B-FF2671C2D7A7}.Debug|x86.ActiveCfg = Debug|Win32
		{FC6B6CEF-55F7-4DD2-BF6B-FF2671C2D7A7}.Debug|x86.Build.0 = Debug|Win32
		{FC6B6CEF-55F7-4DD2-BF6B-FF2671C2D7A7}.Release|x64.ActiveCfg = Release|x64
		{FC6B6CEF-55F7-4DD2-BF6B-FF2671C2D7A7}.Release|x64.Build.0 = Release|x64
		{FC6B6CEF-55F7-4DD2-BF6B-FF2671C2D7A7}.Release|x86.ActiveCfg = Release|Win32
		{FC6B6CEF-55F7-4DD2-BF6B-FF2671C2D7A7}.Release|x86.Build.0 = Release|Win32
		{3FC1EDA6-94ED-4D58-8327-DAA183F6B9C0}.Debug|x64.ActiveCfg = Debug|x64
		{3FC1EDA6-94ED-4D58-8327-DAA183F6B9C0}.Debug|x64.Build.0 = Debug|x64
		{3FC1EDA6-94ED-4D58-8327-DAA183F6B9C0}.Debug|x86.ActiveCfg = Debug|Win32
		{3FC1EDA6-94ED-4D58-8327-DAA183F6B9C0}.Debug|x86.Build.0 = Debug|Win32
		{3FC1EDA6-94ED-4D58-8327-DAA183F6B9C0}.Release|x64.ActiveCfg = Release|x64
		{3FC1EDA6-94ED-4D58-8327-DAA183F6B9C0}.Release|x64.Build.0 = Release|x64
		{3FC1EDA6-94ED-4D58-8327-DAA183F6B9C0}.Release|x86.ActiveCfg = Release|Win32
		{3FC1EDA6-94ED-4D58-8327-DAA183F6B9C0}.Release|x86.Build.0 = Release|Win32
		{D4698E0B-D9F3-4B8C-8369-0639DC29A2BA}.Debug|x64.ActiveCfg = Debug|x64
		{D4698E0B-D9F3-4B8C-8369-0639DC29A2BA}.Debug|x64.Build.0 = Debug|x64
		{D4698E0B-D9F3-4B8C-8369-0639DC29A2BA}.Debug|x86.ActiveCfg = Debug|Win32
		{D4698E0B-D9F3-4B8C-8369-0639DC29A2BA}.Debug|x86.Build.0 = Debug|Win32
		{D4698E0B-D9F3-4B8C-8369-0639DC29A2BA}.Release|x64.ActiveCfg = Release|x64
		{D4698E0B-D9F3-4B8C-8369-0639DC29A2BA}.Release|x64.Build.0 = Release|x64
		{D4698E0B-D9F3-4B8C-8369-0639DC29A2BA}.Release|x86.ActiveCfg = Release|Win32
		{D4698E0B-D9F3-4B8C-8369-0639DC29A2BA}.Release|x86.Build.0 = Release|Win32
		{9F567E32-2B05-458E-8687-B3728B7F51A5}.Debug|x64.ActiveCfg = Debug|x64
		{9F567E32-2B05-458E-8687-B3728B7F51A5}.Debug|x64.Build.0 = Debug|x64
		{9F567E32-2B05-458E-8687-B3728B7F51A5}.Debug|x86.ActiveCfg = Debug|Win32
		{9F567E32-2B05-458E-8687-B3728B7F51A5}.Debug|x86.Build.0 = Debug|Win32
		{9F567E32-2B05-458E-8687-B3728B7F51A5}.Release|x64.ActiveCfg = Release|x64
		{9F567E32-2B05-458E-8687-B3728B7F51A5}.Release|x64.Build.0 = Release|x64
		{9F567E32-2B05-458E-8687-B3728B7F51A5}.Release|x86.ActiveCfg = Release|Win32
		{9F567E32-2B05-458E-8687-B3728B7F51A5}.Release|x86.Build.0 = Release|Win32
		{EB4ED6B9-C23C-42F0-A4F3-8B491DB80694}.Debug|x64.ActiveCfg = Debug|x64
		{EB4ED6B9-C23C-42F0-A4F3-8B491DB80694}.Debug|x64.Build.0 = Debug|x64
		{EB4ED6B9-C23C-42F0-A4F3-8B491DB80694}.Debug|x86.ActiveCfg = Debug|Win32
		{EB4ED6B9-C23C-42F0-A4F3-8B491DB80694}.Debug|x86.Build.0 = Debug|Win32
		{EB4ED6B9-C23C-42F0-A4F3-8B491DB80694}.Release|x64.ActiveCfg = Release|x64
		{EB4ED6B9-C23C-42F0-A4F3-8B491DB80694}.Release|x64.Build.0 = Release|x64
		{EB4ED6B9-C23C-42F0-A4F3-8B491DB80694}.Release|x86.ActiveCfg = Release|Win32
		{EB4ED6B9-C23C-42F0-A4F3-8B491DB80694}.Release|x86.Build.0 = Release|Win32
		{820BF5AF-BE1C-4E8D-BD97-534B8E1E3D7B}.Debug|x64.ActiveCfg = Debug|x64
		{820BF5AF-BE1C-4E8D-BD97-534B8E1E3D7B}.Debug|x64.Build.0 = Debug|x64
		{820BF5AF-BE1C-4E8D-BD97-534B8E1E3D7B}.Debug|x86.ActiveCfg = Debug|Win32
		{820BF5AF-BE1C-4E8D-BD97-534B8E1E3D7B}.Debug|x86.Build.0 = Debug|Win32
		{820BF5AF-BE1C-4E8D-BD97-534B8E1E3D7B}.Release|x64.ActiveCfg = Release|x64
		{820BF5AF-BE1C-4E8D-BD97-534B8E1E3D7B}.Release|x64.Build.0 = Release|x64
		{820BF5AF-BE1C-4E8D-BD97-534B8E1E3D7B}.Release|x86.ActiveCfg = Release|Win32
		{820BF5AF-BE1C-4E8D-BD97-534B8E1E3D7B}.Release|x86.Build.0 = Release|Win32
		{8D507DC7-EC8D-4DE0-9113-DC090E72E48F}.Debug|x64.ActiveCfg = Debug|x64
		{8D507DC7-EC8D-4DE0-9113-DC090E72E48F}.Debug|x64.Build.0 = Debug|x64
		{8D507DC7-EC8D-4DE0-9113-DC090E72E48F}.Debug|x86.ActiveCfg = Debug|Win32
		{8D507DC7-EC8D-4DE0-9113-DC090E72E48F}.Debug|x86.Build.0 = Debug|Win32
		{8D507DC7-EC8D-4DE0-9113-DC090E72E48F}.Release|x64.ActiveCfg = Release|x64
		{8D507DC7-EC8D-4DE0-9113-DC090E72E48F}.Release|x64.Build.0 = Release|x64
		{8D507DC7-EC8D-4DE0-9113-DC090E72E48F}.Release|x86.ActiveCfg = Release|Win32
		{8D507DC7-EC8D-4DE0-9113-DC090E72E48F}.Release|x86.Build.0 = Release|Win32
	EndGlobalSection
	GlobalSection(SolutionProperties) = preSolution
		HideSolutionNode = FALSE
	EndGlobalSection
	GlobalSection(ExtensibilityGlobals) = postSolution
		SolutionGuid = {5C852CAA-ABBE-45C8-831E-924CA74750CD}
	EndGlobalSection
EndGlobal
