
Microsoft Visual Studio Solution File, Format Version 12.00
# Visual Studio Version 16
VisualStudioVersion = 16.0.31402.337
MinimumVisualStudioVersion = 10.0.40219.1
Project("{8BC9CEB8-8B4A-11D0-8D11-00A0C91BC942}") = "Program to calculate pow(x,n)", "Program to calculate pow(x,n)\Program to calculate pow(x,n).vcxproj", "{ECAF375A-B72F-48BF-B56F-186E64D7680D}"
EndProject
Project("{8BC9CEB8-8B4A-11D0-8D11-00A0C91BC942}") = "Median of two sorted arrays", "Median of two sorted arrays\Median of two sorted arrays.vcxproj", "{C918ED7D-256E-4968-944B-5252FBCB75D7}"
EndProject
Project("{8BC9CEB8-8B4A-11D0-8D11-00A0C91BC942}") = "Count Inversions in an array", "Count Inversions in an array\Count Inversions in an array.vcxproj", "{33AD140D-08DE-489F-95AC-94FB0D33B714}"
EndProject
Project("{8BC9CEB8-8B4A-11D0-8D11-00A0C91BC942}") = "Closest Pair of Points", "Closest Pair of Points\Closest Pair of Points.vcxproj", "{8BC79401-5BD0-4DF4-841C-8C8D27D1CE78}"
EndProject
Global
	GlobalSection(SolutionConfigurationPlatforms) = preSolution
		Debug|x64 = Debug|x64
		Debug|x86 = Debug|x86
		Release|x64 = Release|x64
		Release|x86 = Release|x86
	EndGlobalSection
	GlobalSection(ProjectConfigurationPlatforms) = postSolution
		{ECAF375A-B72F-48BF-B56F-186E64D7680D}.Debug|x64.ActiveCfg = Debug|x64
		{ECAF375A-B72F-48BF-B56F-186E64D7680D}.Debug|x64.Build.0 = Debug|x64
		{ECAF375A-B72F-48BF-B56F-186E64D7680D}.Debug|x86.ActiveCfg = Debug|Win32
		{ECAF375A-B72F-48BF-B56F-186E64D7680D}.Debug|x86.Build.0 = Debug|Win32
		{ECAF375A-B72F-48BF-B56F-186E64D7680D}.Release|x64.ActiveCfg = Release|x64
		{ECAF375A-B72F-48BF-B56F-186E64D7680D}.Release|x64.Build.0 = Release|x64
		{ECAF375A-B72F-48BF-B56F-186E64D7680D}.Release|x86.ActiveCfg = Release|Win32
		{ECAF375A-B72F-48BF-B56F-186E64D7680D}.Release|x86.Build.0 = Release|Win32
		{C918ED7D-256E-4968-944B-5252FBCB75D7}.Debug|x64.ActiveCfg = Debug|x64
		{C918ED7D-256E-4968-944B-5252FBCB75D7}.Debug|x64.Build.0 = Debug|x64
		{C918ED7D-256E-4968-944B-5252FBCB75D7}.Debug|x86.ActiveCfg = Debug|Win32
		{C918ED7D-256E-4968-944B-5252FBCB75D7}.Debug|x86.Build.0 = Debug|Win32
		{C918ED7D-256E-4968-944B-5252FBCB75D7}.Release|x64.ActiveCfg = Release|x64
		{C918ED7D-256E-4968-944B-5252FBCB75D7}.Release|x64.Build.0 = Release|x64
		{C918ED7D-256E-4968-944B-5252FBCB75D7}.Release|x86.ActiveCfg = Release|Win32
		{C918ED7D-256E-4968-944B-5252FBCB75D7}.Release|x86.Build.0 = Release|Win32
		{33AD140D-08DE-489F-95AC-94FB0D33B714}.Debug|x64.ActiveCfg = Debug|x64
		{33AD140D-08DE-489F-95AC-94FB0D33B714}.Debug|x64.Build.0 = Debug|x64
		{33AD140D-08DE-489F-95AC-94FB0D33B714}.Debug|x86.ActiveCfg = Debug|Win32
		{33AD140D-08DE-489F-95AC-94FB0D33B714}.Debug|x86.Build.0 = Debug|Win32
		{33AD140D-08DE-489F-95AC-94FB0D33B714}.Release|x64.ActiveCfg = Release|x64
		{33AD140D-08DE-489F-95AC-94FB0D33B714}.Release|x64.Build.0 = Release|x64
		{33AD140D-08DE-489F-95AC-94FB0D33B714}.Release|x86.ActiveCfg = Release|Win32
		{33AD140D-08DE-489F-95AC-94FB0D33B714}.Release|x86.Build.0 = Release|Win32
		{8BC79401-5BD0-4DF4-841C-8C8D27D1CE78}.Debug|x64.ActiveCfg = Debug|x64
		{8BC79401-5BD0-4DF4-841C-8C8D27D1CE78}.Debug|x64.Build.0 = Debug|x64
		{8BC79401-5BD0-4DF4-841C-8C8D27D1CE78}.Debug|x86.ActiveCfg = Debug|Win32
		{8BC79401-5BD0-4DF4-841C-8C8D27D1CE78}.Debug|x86.Build.0 = Debug|Win32
		{8BC79401-5BD0-4DF4-841C-8C8D27D1CE78}.Release|x64.ActiveCfg = Release|x64
		{8BC79401-5BD0-4DF4-841C-8C8D27D1CE78}.Release|x64.Build.0 = Release|x64
		{8BC79401-5BD0-4DF4-841C-8C8D27D1CE78}.Release|x86.ActiveCfg = Release|Win32
		{8BC79401-5BD0-4DF4-841C-8C8D27D1CE78}.Release|x86.Build.0 = Release|Win32
	EndGlobalSection
	GlobalSection(SolutionProperties) = preSolution
		HideSolutionNode = FALSE
	EndGlobalSection
	GlobalSection(ExtensibilityGlobals) = postSolution
		SolutionGuid = {6299F567-620E-4C32-800F-106083DE86FC}
	EndGlobalSection
EndGlobal
