
Microsoft Visual Studio Solution File, Format Version 12.00
# Visual Studio Version 16
VisualStudioVersion = 16.0.29613.14
MinimumVisualStudioVersion = 10.0.40219.1
Project("{8BC9CEB8-8B4A-11D0-8D11-00A0C91BC942}") = "MergeSort", "MergeSort\MergeSort.vcxproj", "{9AAC5D58-A1CF-48F3-A6AF-5C062F63BDF3}"
EndProject
Project("{8BC9CEB8-8B4A-11D0-8D11-00A0C91BC942}") = "QuickSort", "QuickSort\QuickSort.vcxproj", "{CA8BB364-A878-4DF4-89EE-DBEE23B104E5}"
EndProject
Project("{8BC9CEB8-8B4A-11D0-8D11-00A0C91BC942}") = "BubbleSort", "BubbleSort\BubbleSort.vcxproj", "{B86FAF3E-CC75-4AFC-BD2D-06571D220991}"
EndProject
Project("{8BC9CEB8-8B4A-11D0-8D11-00A0C91BC942}") = "SelectionSort", "SelectionSort\SelectionSort.vcxproj", "{EA03AFDD-A6E7-4367-A9E2-32F9312FEC31}"
EndProject
Project("{8BC9CEB8-8B4A-11D0-8D11-00A0C91BC942}") = "InsertionSort", "InsertionSort\InsertionSort.vcxproj", "{6520F405-00E6-4012-B508-EF4CB1139634}"
EndProject
Project("{8BC9CEB8-8B4A-11D0-8D11-00A0C91BC942}") = "CountingSort", "CountingSort\CountingSort.vcxproj", "{03943E0E-7A62-4F4B-B880-0EC0579098FC}"
EndProject
Project("{8BC9CEB8-8B4A-11D0-8D11-00A0C91BC942}") = "RadixSort", "RadixSort\RadixSort.vcxproj", "{9784E994-FCF5-4A29-A289-149367896248}"
EndProject
Project("{8BC9CEB8-8B4A-11D0-8D11-00A0C91BC942}") = "BucketSort", "BucketSort\BucketSort.vcxproj", "{2345FB93-3808-469D-A8A4-F39CE8CA60A2}"
EndProject
Project("{8BC9CEB8-8B4A-11D0-8D11-00A0C91BC942}") = "ShellSort", "ShellSort\ShellSort.vcxproj", "{591AED07-0C28-4B0D-B528-98377D0733A6}"
EndProject
Project("{8BC9CEB8-8B4A-11D0-8D11-00A0C91BC942}") = "CombSort", "CombSort\CombSort.vcxproj", "{8476ED20-FDE1-4FA3-8F52-E533EC52FC1D}"
EndProject
Project("{8BC9CEB8-8B4A-11D0-8D11-00A0C91BC942}") = "PigeonholeSort", "PigeonholeSort\PigeonholeSort.vcxproj", "{05747D2E-3E1D-42D6-9F84-3B094B4B3573}"
EndProject
Project("{8BC9CEB8-8B4A-11D0-8D11-00A0C91BC942}") = "CycleSort", "CycleSort\CycleSort.vcxproj", "{9FE4B395-C312-43DD-9F91-A2930CCF8451}"
EndProject
Project("{8BC9CEB8-8B4A-11D0-8D11-00A0C91BC942}") = "FindMinimumLengthUnsortedSubarraySortingWhichMakesCompleteArraySorted", "FindMinimumLengthUnsortedSubarraySortingWhichMakesCompleteArraySorted\FindMinimumLengthUnsortedSubarraySortingWhichMakesCompleteArraySorted.vcxproj", "{D620CECE-3277-439C-A287-3A9F4A72411E}"
EndProject
Project("{8BC9CEB8-8B4A-11D0-8D11-00A0C91BC942}") = "Sort a nearly sorted (or K sorted) array", "Sort a nearly sorted (or K sorted) array\Sort a nearly sorted (or K sorted) array.vcxproj", "{5F46B0E2-3E64-4012-BC01-B16B009ABC53}"
EndProject
Project("{8BC9CEB8-8B4A-11D0-8D11-00A0C91BC942}") = "IterativeQuickSort", "IterativeQuickSort\IterativeQuickSort.vcxproj", "{D91EF5AB-27FA-4E85-BC60-66141302D263}"
EndProject
Project("{8BC9CEB8-8B4A-11D0-8D11-00A0C91BC942}") = "Find k closest elements to a given value", "Find k closest elements to a given value\Find k closest elements to a given value.vcxproj", "{4AD84702-F395-4776-A90B-171AD8D7B3F5}"
EndProject
Project("{8BC9CEB8-8B4A-11D0-8D11-00A0C91BC942}") = "Sort n numbers in range from 0 to n^2 – 1 in linear time", "Sort n numbers in range from 0 to n^2 – 1 in linear time\Sort n numbers in range from 0 to n^2 – 1 in linear time.vcxproj", "{3E4FAF42-6477-48BA-8AC8-3BA6C5E74EC5}"
EndProject
Project("{8BC9CEB8-8B4A-11D0-8D11-00A0C91BC942}") = "Search in an almost sorted array", "Search in an almost sorted array\Search in an almost sorted array.vcxproj", "{89E63A7E-EB00-4794-AF01-A4A97ADF8350}"
EndProject
Project("{8BC9CEB8-8B4A-11D0-8D11-00A0C91BC942}") = "Sort an array in wave form", "Sort an array in wave form\Sort an array in wave form.vcxproj", "{387B8D78-7F7F-4D1A-B1B9-FA37A37FCAEE}"
EndProject
Project("{8BC9CEB8-8B4A-11D0-8D11-00A0C91BC942}") = "K'th Smallest or Largest Element in Unsorted Array", "K'th Smallest or Largest Element in Unsorted Array\K'th Smallest or Largest Element in Unsorted Array.vcxproj", "{90DC131D-5CBD-4570-932A-7735BFD011EA}"
EndProject
Project("{8BC9CEB8-8B4A-11D0-8D11-00A0C91BC942}") = "Find the pair in sorted array whose sum is closest to x", "Find the pair in sorted array whose sum is closest to x\Find the pair in sorted array whose sum is closest to x.vcxproj", "{7AE7EBE1-6533-45FB-837E-97B1635C5152}"
EndProject
Project("{8BC9CEB8-8B4A-11D0-8D11-00A0C91BC942}") = "Find the closest pair from two sorted arrays", "Find the closest pair from two sorted arrays\Find the closest pair from two sorted arrays.vcxproj", "{D6293F40-E39E-492C-9A20-EA6725BDD8FB}"
EndProject
Global
	GlobalSection(SolutionConfigurationPlatforms) = preSolution
		Debug|x64 = Debug|x64
		Debug|x86 = Debug|x86
		Release|x64 = Release|x64
		Release|x86 = Release|x86
	EndGlobalSection
	GlobalSection(ProjectConfigurationPlatforms) = postSolution
		{9AAC5D58-A1CF-48F3-A6AF-5C062F63BDF3}.Debug|x64.ActiveCfg = Debug|x64
		{9AAC5D58-A1CF-48F3-A6AF-5C062F63BDF3}.Debug|x64.Build.0 = Debug|x64
		{9AAC5D58-A1CF-48F3-A6AF-5C062F63BDF3}.Debug|x86.ActiveCfg = Debug|Win32
		{9AAC5D58-A1CF-48F3-A6AF-5C062F63BDF3}.Debug|x86.Build.0 = Debug|Win32
		{9AAC5D58-A1CF-48F3-A6AF-5C062F63BDF3}.Release|x64.ActiveCfg = Release|x64
		{9AAC5D58-A1CF-48F3-A6AF-5C062F63BDF3}.Release|x64.Build.0 = Release|x64
		{9AAC5D58-A1CF-48F3-A6AF-5C062F63BDF3}.Release|x86.ActiveCfg = Release|Win32
		{9AAC5D58-A1CF-48F3-A6AF-5C062F63BDF3}.Release|x86.Build.0 = Release|Win32
		{CA8BB364-A878-4DF4-89EE-DBEE23B104E5}.Debug|x64.ActiveCfg = Debug|x64
		{CA8BB364-A878-4DF4-89EE-DBEE23B104E5}.Debug|x64.Build.0 = Debug|x64
		{CA8BB364-A878-4DF4-89EE-DBEE23B104E5}.Debug|x86.ActiveCfg = Debug|Win32
		{CA8BB364-A878-4DF4-89EE-DBEE23B104E5}.Debug|x86.Build.0 = Debug|Win32
		{CA8BB364-A878-4DF4-89EE-DBEE23B104E5}.Release|x64.ActiveCfg = Release|x64
		{CA8BB364-A878-4DF4-89EE-DBEE23B104E5}.Release|x64.Build.0 = Release|x64
		{CA8BB364-A878-4DF4-89EE-DBEE23B104E5}.Release|x86.ActiveCfg = Release|Win32
		{CA8BB364-A878-4DF4-89EE-DBEE23B104E5}.Release|x86.Build.0 = Release|Win32
		{B86FAF3E-CC75-4AFC-BD2D-06571D220991}.Debug|x64.ActiveCfg = Debug|x64
		{B86FAF3E-CC75-4AFC-BD2D-06571D220991}.Debug|x64.Build.0 = Debug|x64
		{B86FAF3E-CC75-4AFC-BD2D-06571D220991}.Debug|x86.ActiveCfg = Debug|Win32
		{B86FAF3E-CC75-4AFC-BD2D-06571D220991}.Debug|x86.Build.0 = Debug|Win32
		{B86FAF3E-CC75-4AFC-BD2D-06571D220991}.Release|x64.ActiveCfg = Release|x64
		{B86FAF3E-CC75-4AFC-BD2D-06571D220991}.Release|x64.Build.0 = Release|x64
		{B86FAF3E-CC75-4AFC-BD2D-06571D220991}.Release|x86.ActiveCfg = Release|Win32
		{B86FAF3E-CC75-4AFC-BD2D-06571D220991}.Release|x86.Build.0 = Release|Win32
		{EA03AFDD-A6E7-4367-A9E2-32F9312FEC31}.Debug|x64.ActiveCfg = Debug|x64
		{EA03AFDD-A6E7-4367-A9E2-32F9312FEC31}.Debug|x64.Build.0 = Debug|x64
		{EA03AFDD-A6E7-4367-A9E2-32F9312FEC31}.Debug|x86.ActiveCfg = Debug|Win32
		{EA03AFDD-A6E7-4367-A9E2-32F9312FEC31}.Debug|x86.Build.0 = Debug|Win32
		{EA03AFDD-A6E7-4367-A9E2-32F9312FEC31}.Release|x64.ActiveCfg = Release|x64
		{EA03AFDD-A6E7-4367-A9E2-32F9312FEC31}.Release|x64.Build.0 = Release|x64
		{EA03AFDD-A6E7-4367-A9E2-32F9312FEC31}.Release|x86.ActiveCfg = Release|Win32
		{EA03AFDD-A6E7-4367-A9E2-32F9312FEC31}.Release|x86.Build.0 = Release|Win32
		{6520F405-00E6-4012-B508-EF4CB1139634}.Debug|x64.ActiveCfg = Debug|x64
		{6520F405-00E6-4012-B508-EF4CB1139634}.Debug|x64.Build.0 = Debug|x64
		{6520F405-00E6-4012-B508-EF4CB1139634}.Debug|x86.ActiveCfg = Debug|Win32
		{6520F405-00E6-4012-B508-EF4CB1139634}.Debug|x86.Build.0 = Debug|Win32
		{6520F405-00E6-4012-B508-EF4CB1139634}.Release|x64.ActiveCfg = Release|x64
		{6520F405-00E6-4012-B508-EF4CB1139634}.Release|x64.Build.0 = Release|x64
		{6520F405-00E6-4012-B508-EF4CB1139634}.Release|x86.ActiveCfg = Release|Win32
		{6520F405-00E6-4012-B508-EF4CB1139634}.Release|x86.Build.0 = Release|Win32
		{03943E0E-7A62-4F4B-B880-0EC0579098FC}.Debug|x64.ActiveCfg = Debug|x64
		{03943E0E-7A62-4F4B-B880-0EC0579098FC}.Debug|x64.Build.0 = Debug|x64
		{03943E0E-7A62-4F4B-B880-0EC0579098FC}.Debug|x86.ActiveCfg = Debug|Win32
		{03943E0E-7A62-4F4B-B880-0EC0579098FC}.Debug|x86.Build.0 = Debug|Win32
		{03943E0E-7A62-4F4B-B880-0EC0579098FC}.Release|x64.ActiveCfg = Release|x64
		{03943E0E-7A62-4F4B-B880-0EC0579098FC}.Release|x64.Build.0 = Release|x64
		{03943E0E-7A62-4F4B-B880-0EC0579098FC}.Release|x86.ActiveCfg = Release|Win32
		{03943E0E-7A62-4F4B-B880-0EC0579098FC}.Release|x86.Build.0 = Release|Win32
		{9784E994-FCF5-4A29-A289-149367896248}.Debug|x64.ActiveCfg = Debug|x64
		{9784E994-FCF5-4A29-A289-149367896248}.Debug|x64.Build.0 = Debug|x64
		{9784E994-FCF5-4A29-A289-149367896248}.Debug|x86.ActiveCfg = Debug|Win32
		{9784E994-FCF5-4A29-A289-149367896248}.Debug|x86.Build.0 = Debug|Win32
		{9784E994-FCF5-4A29-A289-149367896248}.Release|x64.ActiveCfg = Release|x64
		{9784E994-FCF5-4A29-A289-149367896248}.Release|x64.Build.0 = Release|x64
		{9784E994-FCF5-4A29-A289-149367896248}.Release|x86.ActiveCfg = Release|Win32
		{9784E994-FCF5-4A29-A289-149367896248}.Release|x86.Build.0 = Release|Win32
		{2345FB93-3808-469D-A8A4-F39CE8CA60A2}.Debug|x64.ActiveCfg = Debug|x64
		{2345FB93-3808-469D-A8A4-F39CE8CA60A2}.Debug|x64.Build.0 = Debug|x64
		{2345FB93-3808-469D-A8A4-F39CE8CA60A2}.Debug|x86.ActiveCfg = Debug|Win32
		{2345FB93-3808-469D-A8A4-F39CE8CA60A2}.Debug|x86.Build.0 = Debug|Win32
		{2345FB93-3808-469D-A8A4-F39CE8CA60A2}.Release|x64.ActiveCfg = Release|x64
		{2345FB93-3808-469D-A8A4-F39CE8CA60A2}.Release|x64.Build.0 = Release|x64
		{2345FB93-3808-469D-A8A4-F39CE8CA60A2}.Release|x86.ActiveCfg = Release|Win32
		{2345FB93-3808-469D-A8A4-F39CE8CA60A2}.Release|x86.Build.0 = Release|Win32
		{591AED07-0C28-4B0D-B528-98377D0733A6}.Debug|x64.ActiveCfg = Debug|x64
		{591AED07-0C28-4B0D-B528-98377D0733A6}.Debug|x64.Build.0 = Debug|x64
		{591AED07-0C28-4B0D-B528-98377D0733A6}.Debug|x86.ActiveCfg = Debug|Win32
		{591AED07-0C28-4B0D-B528-98377D0733A6}.Debug|x86.Build.0 = Debug|Win32
		{591AED07-0C28-4B0D-B528-98377D0733A6}.Release|x64.ActiveCfg = Release|x64
		{591AED07-0C28-4B0D-B528-98377D0733A6}.Release|x64.Build.0 = Release|x64
		{591AED07-0C28-4B0D-B528-98377D0733A6}.Release|x86.ActiveCfg = Release|Win32
		{591AED07-0C28-4B0D-B528-98377D0733A6}.Release|x86.Build.0 = Release|Win32
		{8476ED20-FDE1-4FA3-8F52-E533EC52FC1D}.Debug|x64.ActiveCfg = Debug|x64
		{8476ED20-FDE1-4FA3-8F52-E533EC52FC1D}.Debug|x64.Build.0 = Debug|x64
		{8476ED20-FDE1-4FA3-8F52-E533EC52FC1D}.Debug|x86.ActiveCfg = Debug|Win32
		{8476ED20-FDE1-4FA3-8F52-E533EC52FC1D}.Debug|x86.Build.0 = Debug|Win32
		{8476ED20-FDE1-4FA3-8F52-E533EC52FC1D}.Release|x64.ActiveCfg = Release|x64
		{8476ED20-FDE1-4FA3-8F52-E533EC52FC1D}.Release|x64.Build.0 = Release|x64
		{8476ED20-FDE1-4FA3-8F52-E533EC52FC1D}.Release|x86.ActiveCfg = Release|Win32
		{8476ED20-FDE1-4FA3-8F52-E533EC52FC1D}.Release|x86.Build.0 = Release|Win32
		{05747D2E-3E1D-42D6-9F84-3B094B4B3573}.Debug|x64.ActiveCfg = Debug|x64
		{05747D2E-3E1D-42D6-9F84-3B094B4B3573}.Debug|x64.Build.0 = Debug|x64
		{05747D2E-3E1D-42D6-9F84-3B094B4B3573}.Debug|x86.ActiveCfg = Debug|Win32
		{05747D2E-3E1D-42D6-9F84-3B094B4B3573}.Debug|x86.Build.0 = Debug|Win32
		{05747D2E-3E1D-42D6-9F84-3B094B4B3573}.Release|x64.ActiveCfg = Release|x64
		{05747D2E-3E1D-42D6-9F84-3B094B4B3573}.Release|x64.Build.0 = Release|x64
		{05747D2E-3E1D-42D6-9F84-3B094B4B3573}.Release|x86.ActiveCfg = Release|Win32
		{05747D2E-3E1D-42D6-9F84-3B094B4B3573}.Release|x86.Build.0 = Release|Win32
		{9FE4B395-C312-43DD-9F91-A2930CCF8451}.Debug|x64.ActiveCfg = Debug|x64
		{9FE4B395-C312-43DD-9F91-A2930CCF8451}.Debug|x64.Build.0 = Debug|x64
		{9FE4B395-C312-43DD-9F91-A2930CCF8451}.Debug|x86.ActiveCfg = Debug|Win32
		{9FE4B395-C312-43DD-9F91-A2930CCF8451}.Debug|x86.Build.0 = Debug|Win32
		{9FE4B395-C312-43DD-9F91-A2930CCF8451}.Release|x64.ActiveCfg = Release|x64
		{9FE4B395-C312-43DD-9F91-A2930CCF8451}.Release|x64.Build.0 = Release|x64
		{9FE4B395-C312-43DD-9F91-A2930CCF8451}.Release|x86.ActiveCfg = Release|Win32
		{9FE4B395-C312-43DD-9F91-A2930CCF8451}.Release|x86.Build.0 = Release|Win32
		{D620CECE-3277-439C-A287-3A9F4A72411E}.Debug|x64.ActiveCfg = Debug|x64
		{D620CECE-3277-439C-A287-3A9F4A72411E}.Debug|x64.Build.0 = Debug|x64
		{D620CECE-3277-439C-A287-3A9F4A72411E}.Debug|x86.ActiveCfg = Debug|Win32
		{D620CECE-3277-439C-A287-3A9F4A72411E}.Debug|x86.Build.0 = Debug|Win32
		{D620CECE-3277-439C-A287-3A9F4A72411E}.Release|x64.ActiveCfg = Release|x64
		{D620CECE-3277-439C-A287-3A9F4A72411E}.Release|x64.Build.0 = Release|x64
		{D620CECE-3277-439C-A287-3A9F4A72411E}.Release|x86.ActiveCfg = Release|Win32
		{D620CECE-3277-439C-A287-3A9F4A72411E}.Release|x86.Build.0 = Release|Win32
		{5F46B0E2-3E64-4012-BC01-B16B009ABC53}.Debug|x64.ActiveCfg = Debug|x64
		{5F46B0E2-3E64-4012-BC01-B16B009ABC53}.Debug|x64.Build.0 = Debug|x64
		{5F46B0E2-3E64-4012-BC01-B16B009ABC53}.Debug|x86.ActiveCfg = Debug|Win32
		{5F46B0E2-3E64-4012-BC01-B16B009ABC53}.Debug|x86.Build.0 = Debug|Win32
		{5F46B0E2-3E64-4012-BC01-B16B009ABC53}.Release|x64.ActiveCfg = Release|x64
		{5F46B0E2-3E64-4012-BC01-B16B009ABC53}.Release|x64.Build.0 = Release|x64
		{5F46B0E2-3E64-4012-BC01-B16B009ABC53}.Release|x86.ActiveCfg = Release|Win32
		{5F46B0E2-3E64-4012-BC01-B16B009ABC53}.Release|x86.Build.0 = Release|Win32
		{D91EF5AB-27FA-4E85-BC60-66141302D263}.Debug|x64.ActiveCfg = Debug|x64
		{D91EF5AB-27FA-4E85-BC60-66141302D263}.Debug|x64.Build.0 = Debug|x64
		{D91EF5AB-27FA-4E85-BC60-66141302D263}.Debug|x86.ActiveCfg = Debug|Win32
		{D91EF5AB-27FA-4E85-BC60-66141302D263}.Debug|x86.Build.0 = Debug|Win32
		{D91EF5AB-27FA-4E85-BC60-66141302D263}.Release|x64.ActiveCfg = Release|x64
		{D91EF5AB-27FA-4E85-BC60-66141302D263}.Release|x64.Build.0 = Release|x64
		{D91EF5AB-27FA-4E85-BC60-66141302D263}.Release|x86.ActiveCfg = Release|Win32
		{D91EF5AB-27FA-4E85-BC60-66141302D263}.Release|x86.Build.0 = Release|Win32
		{4AD84702-F395-4776-A90B-171AD8D7B3F5}.Debug|x64.ActiveCfg = Debug|x64
		{4AD84702-F395-4776-A90B-171AD8D7B3F5}.Debug|x64.Build.0 = Debug|x64
		{4AD84702-F395-4776-A90B-171AD8D7B3F5}.Debug|x86.ActiveCfg = Debug|Win32
		{4AD84702-F395-4776-A90B-171AD8D7B3F5}.Debug|x86.Build.0 = Debug|Win32
		{4AD84702-F395-4776-A90B-171AD8D7B3F5}.Release|x64.ActiveCfg = Release|x64
		{4AD84702-F395-4776-A90B-171AD8D7B3F5}.Release|x64.Build.0 = Release|x64
		{4AD84702-F395-4776-A90B-171AD8D7B3F5}.Release|x86.ActiveCfg = Release|Win32
		{4AD84702-F395-4776-A90B-171AD8D7B3F5}.Release|x86.Build.0 = Release|Win32
		{3E4FAF42-6477-48BA-8AC8-3BA6C5E74EC5}.Debug|x64.ActiveCfg = Debug|x64
		{3E4FAF42-6477-48BA-8AC8-3BA6C5E74EC5}.Debug|x64.Build.0 = Debug|x64
		{3E4FAF42-6477-48BA-8AC8-3BA6C5E74EC5}.Debug|x86.ActiveCfg = Debug|Win32
		{3E4FAF42-6477-48BA-8AC8-3BA6C5E74EC5}.Debug|x86.Build.0 = Debug|Win32
		{3E4FAF42-6477-48BA-8AC8-3BA6C5E74EC5}.Release|x64.ActiveCfg = Release|x64
		{3E4FAF42-6477-48BA-8AC8-3BA6C5E74EC5}.Release|x64.Build.0 = Release|x64
		{3E4FAF42-6477-48BA-8AC8-3BA6C5E74EC5}.Release|x86.ActiveCfg = Release|Win32
		{3E4FAF42-6477-48BA-8AC8-3BA6C5E74EC5}.Release|x86.Build.0 = Release|Win32
		{89E63A7E-EB00-4794-AF01-A4A97ADF8350}.Debug|x64.ActiveCfg = Debug|x64
		{89E63A7E-EB00-4794-AF01-A4A97ADF8350}.Debug|x64.Build.0 = Debug|x64
		{89E63A7E-EB00-4794-AF01-A4A97ADF8350}.Debug|x86.ActiveCfg = Debug|Win32
		{89E63A7E-EB00-4794-AF01-A4A97ADF8350}.Debug|x86.Build.0 = Debug|Win32
		{89E63A7E-EB00-4794-AF01-A4A97ADF8350}.Release|x64.ActiveCfg = Release|x64
		{89E63A7E-EB00-4794-AF01-A4A97ADF8350}.Release|x64.Build.0 = Release|x64
		{89E63A7E-EB00-4794-AF01-A4A97ADF8350}.Release|x86.ActiveCfg = Release|Win32
		{89E63A7E-EB00-4794-AF01-A4A97ADF8350}.Release|x86.Build.0 = Release|Win32
		{387B8D78-7F7F-4D1A-B1B9-FA37A37FCAEE}.Debug|x64.ActiveCfg = Debug|x64
		{387B8D78-7F7F-4D1A-B1B9-FA37A37FCAEE}.Debug|x64.Build.0 = Debug|x64
		{387B8D78-7F7F-4D1A-B1B9-FA37A37FCAEE}.Debug|x86.ActiveCfg = Debug|Win32
		{387B8D78-7F7F-4D1A-B1B9-FA37A37FCAEE}.Debug|x86.Build.0 = Debug|Win32
		{387B8D78-7F7F-4D1A-B1B9-FA37A37FCAEE}.Release|x64.ActiveCfg = Release|x64
		{387B8D78-7F7F-4D1A-B1B9-FA37A37FCAEE}.Release|x64.Build.0 = Release|x64
		{387B8D78-7F7F-4D1A-B1B9-FA37A37FCAEE}.Release|x86.ActiveCfg = Release|Win32
		{387B8D78-7F7F-4D1A-B1B9-FA37A37FCAEE}.Release|x86.Build.0 = Release|Win32
		{90DC131D-5CBD-4570-932A-7735BFD011EA}.Debug|x64.ActiveCfg = Debug|x64
		{90DC131D-5CBD-4570-932A-7735BFD011EA}.Debug|x64.Build.0 = Debug|x64
		{90DC131D-5CBD-4570-932A-7735BFD011EA}.Debug|x86.ActiveCfg = Debug|Win32
		{90DC131D-5CBD-4570-932A-7735BFD011EA}.Debug|x86.Build.0 = Debug|Win32
		{90DC131D-5CBD-4570-932A-7735BFD011EA}.Release|x64.ActiveCfg = Release|x64
		{90DC131D-5CBD-4570-932A-7735BFD011EA}.Release|x64.Build.0 = Release|x64
		{90DC131D-5CBD-4570-932A-7735BFD011EA}.Release|x86.ActiveCfg = Release|Win32
		{90DC131D-5CBD-4570-932A-7735BFD011EA}.Release|x86.Build.0 = Release|Win32
		{7AE7EBE1-6533-45FB-837E-97B1635C5152}.Debug|x64.ActiveCfg = Debug|x64
		{7AE7EBE1-6533-45FB-837E-97B1635C5152}.Debug|x64.Build.0 = Debug|x64
		{7AE7EBE1-6533-45FB-837E-97B1635C5152}.Debug|x86.ActiveCfg = Debug|Win32
		{7AE7EBE1-6533-45FB-837E-97B1635C5152}.Debug|x86.Build.0 = Debug|Win32
		{7AE7EBE1-6533-45FB-837E-97B1635C5152}.Release|x64.ActiveCfg = Release|x64
		{7AE7EBE1-6533-45FB-837E-97B1635C5152}.Release|x64.Build.0 = Release|x64
		{7AE7EBE1-6533-45FB-837E-97B1635C5152}.Release|x86.ActiveCfg = Release|Win32
		{7AE7EBE1-6533-45FB-837E-97B1635C5152}.Release|x86.Build.0 = Release|Win32
		{D6293F40-E39E-492C-9A20-EA6725BDD8FB}.Debug|x64.ActiveCfg = Debug|x64
		{D6293F40-E39E-492C-9A20-EA6725BDD8FB}.Debug|x64.Build.0 = Debug|x64
		{D6293F40-E39E-492C-9A20-EA6725BDD8FB}.Debug|x86.ActiveCfg = Debug|Win32
		{D6293F40-E39E-492C-9A20-EA6725BDD8FB}.Debug|x86.Build.0 = Debug|Win32
		{D6293F40-E39E-492C-9A20-EA6725BDD8FB}.Release|x64.ActiveCfg = Release|x64
		{D6293F40-E39E-492C-9A20-EA6725BDD8FB}.Release|x64.Build.0 = Release|x64
		{D6293F40-E39E-492C-9A20-EA6725BDD8FB}.Release|x86.ActiveCfg = Release|Win32
		{D6293F40-E39E-492C-9A20-EA6725BDD8FB}.Release|x86.Build.0 = Release|Win32
	EndGlobalSection
	GlobalSection(SolutionProperties) = preSolution
		HideSolutionNode = FALSE
	EndGlobalSection
	GlobalSection(ExtensibilityGlobals) = postSolution
		SolutionGuid = {C146CE27-5AF2-4492-98B1-AD757D9ACC66}
	EndGlobalSection
EndGlobal
