
Microsoft Visual Studio Solution File, Format Version 12.00
# Visual Studio Version 16
VisualStudioVersion = 16.0.31402.337
MinimumVisualStudioVersion = 10.0.40219.1
Project("{8BC9CEB8-8B4A-11D0-8D11-00A0C91BC942}") = "Activity Selection Problem", "Activity Selection Problem\Activity Selection Problem.vcxproj", "{A95AB292-F9F7-4EE1-A3D0-4DAA1A711B74}"
EndProject
Project("{8BC9CEB8-8B4A-11D0-8D11-00A0C91BC942}") = "Fractional Knapsack Problem", "Fractional Knapsack Problem\Fractional Knapsack Problem.vcxproj", "{66CE19D8-D76F-4BAB-8FA7-1E646D2371FA}"
EndProject
Project("{8BC9CEB8-8B4A-11D0-8D11-00A0C91BC942}") = "Kruskal’s Minimum Spanning Tree", "Kruskal’s Minimum Spanning Tree\Kruskal’s Minimum Spanning Tree.vcxproj", "{E701EF0D-76EE-4B6A-AEDC-F37C240F37C5}"
EndProject
Project("{8BC9CEB8-8B4A-11D0-8D11-00A0C91BC942}") = "Huffman Coding", "Huffman Coding\Huffman Coding.vcxproj", "{80C94BFA-2210-4B22-9F85-4462CB1568D7}"
EndProject
Project("{8BC9CEB8-8B4A-11D0-8D11-00A0C91BC942}") = "Huffman Coding for Sorted Input", "Huffman Coding for Sorted Input\Huffman Coding for Sorted Input.vcxproj", "{4B5F6C83-4AC8-4D1F-8523-5D687440FFB4}"
EndProject
Project("{8BC9CEB8-8B4A-11D0-8D11-00A0C91BC942}") = "Prim’s Minimum Spanning Tree", "Prim’s Minimum Spanning Tree\Prim’s Minimum Spanning Tree.vcxproj", "{2B4ABD0F-99A1-47E5-909F-C429893BE3C4}"
EndProject
Project("{8BC9CEB8-8B4A-11D0-8D11-00A0C91BC942}") = "Dijkstra’s shortest path algorithm", "Dijkstra’s shortest path algorithm\Dijkstra’s shortest path algorithm.vcxproj", "{BFE8585B-1F73-41FC-889D-13FB0855F026}"
EndProject
Project("{8BC9CEB8-8B4A-11D0-8D11-00A0C91BC942}") = "Job Sequencing Problem", "Job Sequencing Problem\Job Sequencing Problem.vcxproj", "{607451C3-D1CD-4A08-8387-80468D419756}"
EndProject
Global
	GlobalSection(SolutionConfigurationPlatforms) = preSolution
		Debug|x64 = Debug|x64
		Debug|x86 = Debug|x86
		Release|x64 = Release|x64
		Release|x86 = Release|x86
	EndGlobalSection
	GlobalSection(ProjectConfigurationPlatforms) = postSolution
		{A95AB292-F9F7-4EE1-A3D0-4DAA1A711B74}.Debug|x64.ActiveCfg = Debug|x64
		{A95AB292-F9F7-4EE1-A3D0-4DAA1A711B74}.Debug|x64.Build.0 = Debug|x64
		{A95AB292-F9F7-4EE1-A3D0-4DAA1A711B74}.Debug|x86.ActiveCfg = Debug|Win32
		{A95AB292-F9F7-4EE1-A3D0-4DAA1A711B74}.Debug|x86.Build.0 = Debug|Win32
		{A95AB292-F9F7-4EE1-A3D0-4DAA1A711B74}.Release|x64.ActiveCfg = Release|x64
		{A95AB292-F9F7-4EE1-A3D0-4DAA1A711B74}.Release|x64.Build.0 = Release|x64
		{A95AB292-F9F7-4EE1-A3D0-4DAA1A711B74}.Release|x86.ActiveCfg = Release|Win32
		{A95AB292-F9F7-4EE1-A3D0-4DAA1A711B74}.Release|x86.Build.0 = Release|Win32
		{66CE19D8-D76F-4BAB-8FA7-1E646D2371FA}.Debug|x64.ActiveCfg = Debug|x64
		{66CE19D8-D76F-4BAB-8FA7-1E646D2371FA}.Debug|x64.Build.0 = Debug|x64
		{66CE19D8-D76F-4BAB-8FA7-1E646D2371FA}.Debug|x86.ActiveCfg = Debug|Win32
		{66CE19D8-D76F-4BAB-8FA7-1E646D2371FA}.Debug|x86.Build.0 = Debug|Win32
		{66CE19D8-D76F-4BAB-8FA7-1E646D2371FA}.Release|x64.ActiveCfg = Release|x64
		{66CE19D8-D76F-4BAB-8FA7-1E646D2371FA}.Release|x64.Build.0 = Release|x64
		{66CE19D8-D76F-4BAB-8FA7-1E646D2371FA}.Release|x86.ActiveCfg = Release|Win32
		{66CE19D8-D76F-4BAB-8FA7-1E646D2371FA}.Release|x86.Build.0 = Release|Win32
		{E701EF0D-76EE-4B6A-AEDC-F37C240F37C5}.Debug|x64.ActiveCfg = Debug|x64
		{E701EF0D-76EE-4B6A-AEDC-F37C240F37C5}.Debug|x64.Build.0 = Debug|x64
		{E701EF0D-76EE-4B6A-AEDC-F37C240F37C5}.Debug|x86.ActiveCfg = Debug|Win32
		{E701EF0D-76EE-4B6A-AEDC-F37C240F37C5}.Debug|x86.Build.0 = Debug|Win32
		{E701EF0D-76EE-4B6A-AEDC-F37C240F37C5}.Release|x64.ActiveCfg = Release|x64
		{E701EF0D-76EE-4B6A-AEDC-F37C240F37C5}.Release|x64.Build.0 = Release|x64
		{E701EF0D-76EE-4B6A-AEDC-F37C240F37C5}.Release|x86.ActiveCfg = Release|Win32
		{E701EF0D-76EE-4B6A-AEDC-F37C240F37C5}.Release|x86.Build.0 = Release|Win32
		{80C94BFA-2210-4B22-9F85-4462CB1568D7}.Debug|x64.ActiveCfg = Debug|x64
		{80C94BFA-2210-4B22-9F85-4462CB1568D7}.Debug|x64.Build.0 = Debug|x64
		{80C94BFA-2210-4B22-9F85-4462CB1568D7}.Debug|x86.ActiveCfg = Debug|Win32
		{80C94BFA-2210-4B22-9F85-4462CB1568D7}.Debug|x86.Build.0 = Debug|Win32
		{80C94BFA-2210-4B22-9F85-4462CB1568D7}.Release|x64.ActiveCfg = Release|x64
		{80C94BFA-2210-4B22-9F85-4462CB1568D7}.Release|x64.Build.0 = Release|x64
		{80C94BFA-2210-4B22-9F85-4462CB1568D7}.Release|x86.ActiveCfg = Release|Win32
		{80C94BFA-2210-4B22-9F85-4462CB1568D7}.Release|x86.Build.0 = Release|Win32
		{4B5F6C83-4AC8-4D1F-8523-5D687440FFB4}.Debug|x64.ActiveCfg = Debug|x64
		{4B5F6C83-4AC8-4D1F-8523-5D687440FFB4}.Debug|x64.Build.0 = Debug|x64
		{4B5F6C83-4AC8-4D1F-8523-5D687440FFB4}.Debug|x86.ActiveCfg = Debug|Win32
		{4B5F6C83-4AC8-4D1F-8523-5D687440FFB4}.Debug|x86.Build.0 = Debug|Win32
		{4B5F6C83-4AC8-4D1F-8523-5D687440FFB4}.Release|x64.ActiveCfg = Release|x64
		{4B5F6C83-4AC8-4D1F-8523-5D687440FFB4}.Release|x64.Build.0 = Release|x64
		{4B5F6C83-4AC8-4D1F-8523-5D687440FFB4}.Release|x86.ActiveCfg = Release|Win32
		{4B5F6C83-4AC8-4D1F-8523-5D687440FFB4}.Release|x86.Build.0 = Release|Win32
		{2B4ABD0F-99A1-47E5-909F-C429893BE3C4}.Debug|x64.ActiveCfg = Debug|x64
		{2B4ABD0F-99A1-47E5-909F-C429893BE3C4}.Debug|x64.Build.0 = Debug|x64
		{2B4ABD0F-99A1-47E5-909F-C429893BE3C4}.Debug|x86.ActiveCfg = Debug|Win32
		{2B4ABD0F-99A1-47E5-909F-C429893BE3C4}.Debug|x86.Build.0 = Debug|Win32
		{2B4ABD0F-99A1-47E5-909F-C429893BE3C4}.Release|x64.ActiveCfg = Release|x64
		{2B4ABD0F-99A1-47E5-909F-C429893BE3C4}.Release|x64.Build.0 = Release|x64
		{2B4ABD0F-99A1-47E5-909F-C429893BE3C4}.Release|x86.ActiveCfg = Release|Win32
		{2B4ABD0F-99A1-47E5-909F-C429893BE3C4}.Release|x86.Build.0 = Release|Win32
		{BFE8585B-1F73-41FC-889D-13FB0855F026}.Debug|x64.ActiveCfg = Debug|x64
		{BFE8585B-1F73-41FC-889D-13FB0855F026}.Debug|x64.Build.0 = Debug|x64
		{BFE8585B-1F73-41FC-889D-13FB0855F026}.Debug|x86.ActiveCfg = Debug|Win32
		{BFE8585B-1F73-41FC-889D-13FB0855F026}.Debug|x86.Build.0 = Debug|Win32
		{BFE8585B-1F73-41FC-889D-13FB0855F026}.Release|x64.ActiveCfg = Release|x64
		{BFE8585B-1F73-41FC-889D-13FB0855F026}.Release|x64.Build.0 = Release|x64
		{BFE8585B-1F73-41FC-889D-13FB0855F026}.Release|x86.ActiveCfg = Release|Win32
		{BFE8585B-1F73-41FC-889D-13FB0855F026}.Release|x86.Build.0 = Release|Win32
		{607451C3-D1CD-4A08-8387-80468D419756}.Debug|x64.ActiveCfg = Debug|x64
		{607451C3-D1CD-4A08-8387-80468D419756}.Debug|x64.Build.0 = Debug|x64
		{607451C3-D1CD-4A08-8387-80468D419756}.Debug|x86.ActiveCfg = Debug|Win32
		{607451C3-D1CD-4A08-8387-80468D419756}.Debug|x86.Build.0 = Debug|Win32
		{607451C3-D1CD-4A08-8387-80468D419756}.Release|x64.ActiveCfg = Release|x64
		{607451C3-D1CD-4A08-8387-80468D419756}.Release|x64.Build.0 = Release|x64
		{607451C3-D1CD-4A08-8387-80468D419756}.Release|x86.ActiveCfg = Release|Win32
		{607451C3-D1CD-4A08-8387-80468D419756}.Release|x86.Build.0 = Release|Win32
	EndGlobalSection
	GlobalSection(SolutionProperties) = preSolution
		HideSolutionNode = FALSE
	EndGlobalSection
	GlobalSection(ExtensibilityGlobals) = postSolution
		SolutionGuid = {6575D6B0-08AD-4548-AF40-9AD1E322AE1C}
	EndGlobalSection
EndGlobal
