
Microsoft Visual Studio Solution File, Format Version 12.00
# Visual Studio Version 16
VisualStudioVersion = 16.0.31402.337
MinimumVisualStudioVersion = 10.0.40219.1
Project("{8BC9CEB8-8B4A-11D0-8D11-00A0C91BC942}") = "Print all permutations of a given string", "Print all permutations of a given string\Print all permutations of a given string.vcxproj", "{6ECE5AFA-7A44-4D93-BBA4-05E87ADE6595}"
EndProject
Project("{8BC9CEB8-8B4A-11D0-8D11-00A0C91BC942}") = "The Knight’s tour problem", "The Knight’s tour problem\The Knight’s tour problem.vcxproj", "{1046B0AD-65E6-452C-A390-53940E0E675B}"
EndProject
Project("{8BC9CEB8-8B4A-11D0-8D11-00A0C91BC942}") = "Rat in a Maze", "Rat in a Maze\Rat in a Maze.vcxproj", "{1092A158-A7A9-47E9-BC60-C0E66201D34F}"
EndProject
Project("{8BC9CEB8-8B4A-11D0-8D11-00A0C91BC942}") = "N Queen Problem", "N Queen Problem\N Queen Problem.vcxproj", "{FAB42DE9-52D2-4769-A5E1-90ACAB7A8629}"
EndProject
Project("{8BC9CEB8-8B4A-11D0-8D11-00A0C91BC942}") = "m Coloring Problem", "m Coloring Problem\m Coloring Problem.vcxproj", "{AE266868-DCCF-40D4-9A58-C0E192B5A765}"
EndProject
Project("{8BC9CEB8-8B4A-11D0-8D11-00A0C91BC942}") = "Hamiltonian Cycle", "Hamiltonian Cycle\Hamiltonian Cycle.vcxproj", "{4818AC6C-1F34-4D62-9279-F27D699FEC8E}"
EndProject
Global
	GlobalSection(SolutionConfigurationPlatforms) = preSolution
		Debug|x64 = Debug|x64
		Debug|x86 = Debug|x86
		Release|x64 = Release|x64
		Release|x86 = Release|x86
	EndGlobalSection
	GlobalSection(ProjectConfigurationPlatforms) = postSolution
		{6ECE5AFA-7A44-4D93-BBA4-05E87ADE6595}.Debug|x64.ActiveCfg = Debug|x64
		{6ECE5AFA-7A44-4D93-BBA4-05E87ADE6595}.Debug|x64.Build.0 = Debug|x64
		{6ECE5AFA-7A44-4D93-BBA4-05E87ADE6595}.Debug|x86.ActiveCfg = Debug|Win32
		{6ECE5AFA-7A44-4D93-BBA4-05E87ADE6595}.Debug|x86.Build.0 = Debug|Win32
		{6ECE5AFA-7A44-4D93-BBA4-05E87ADE6595}.Release|x64.ActiveCfg = Release|x64
		{6ECE5AFA-7A44-4D93-BBA4-05E87ADE6595}.Release|x64.Build.0 = Release|x64
		{6ECE5AFA-7A44-4D93-BBA4-05E87ADE6595}.Release|x86.ActiveCfg = Release|Win32
		{6ECE5AFA-7A44-4D93-BBA4-05E87ADE6595}.Release|x86.Build.0 = Release|Win32
		{1046B0AD-65E6-452C-A390-53940E0E675B}.Debug|x64.ActiveCfg = Debug|x64
		{1046B0AD-65E6-452C-A390-53940E0E675B}.Debug|x64.Build.0 = Debug|x64
		{1046B0AD-65E6-452C-A390-53940E0E675B}.Debug|x86.ActiveCfg = Debug|Win32
		{1046B0AD-65E6-452C-A390-53940E0E675B}.Debug|x86.Build.0 = Debug|Win32
		{1046B0AD-65E6-452C-A390-53940E0E675B}.Release|x64.ActiveCfg = Release|x64
		{1046B0AD-65E6-452C-A390-53940E0E675B}.Release|x64.Build.0 = Release|x64
		{1046B0AD-65E6-452C-A390-53940E0E675B}.Release|x86.ActiveCfg = Release|Win32
		{1046B0AD-65E6-452C-A390-53940E0E675B}.Release|x86.Build.0 = Release|Win32
		{1092A158-A7A9-47E9-BC60-C0E66201D34F}.Debug|x64.ActiveCfg = Debug|x64
		{1092A158-A7A9-47E9-BC60-C0E66201D34F}.Debug|x64.Build.0 = Debug|x64
		{1092A158-A7A9-47E9-BC60-C0E66201D34F}.Debug|x86.ActiveCfg = Debug|Win32
		{1092A158-A7A9-47E9-BC60-C0E66201D34F}.Debug|x86.Build.0 = Debug|Win32
		{1092A158-A7A9-47E9-BC60-C0E66201D34F}.Release|x64.ActiveCfg = Release|x64
		{1092A158-A7A9-47E9-BC60-C0E66201D34F}.Release|x64.Build.0 = Release|x64
		{1092A158-A7A9-47E9-BC60-C0E66201D34F}.Release|x86.ActiveCfg = Release|Win32
		{1092A158-A7A9-47E9-BC60-C0E66201D34F}.Release|x86.Build.0 = Release|Win32
		{FAB42DE9-52D2-4769-A5E1-90ACAB7A8629}.Debug|x64.ActiveCfg = Debug|x64
		{FAB42DE9-52D2-4769-A5E1-90ACAB7A8629}.Debug|x64.Build.0 = Debug|x64
		{FAB42DE9-52D2-4769-A5E1-90ACAB7A8629}.Debug|x86.ActiveCfg = Debug|Win32
		{FAB42DE9-52D2-4769-A5E1-90ACAB7A8629}.Debug|x86.Build.0 = Debug|Win32
		{FAB42DE9-52D2-4769-A5E1-90ACAB7A8629}.Release|x64.ActiveCfg = Release|x64
		{FAB42DE9-52D2-4769-A5E1-90ACAB7A8629}.Release|x64.Build.0 = Release|x64
		{FAB42DE9-52D2-4769-A5E1-90ACAB7A8629}.Release|x86.ActiveCfg = Release|Win32
		{FAB42DE9-52D2-4769-A5E1-90ACAB7A8629}.Release|x86.Build.0 = Release|Win32
		{AE266868-DCCF-40D4-9A58-C0E192B5A765}.Debug|x64.ActiveCfg = Debug|x64
		{AE266868-DCCF-40D4-9A58-C0E192B5A765}.Debug|x64.Build.0 = Debug|x64
		{AE266868-DCCF-40D4-9A58-C0E192B5A765}.Debug|x86.ActiveCfg = Debug|Win32
		{AE266868-DCCF-40D4-9A58-C0E192B5A765}.Debug|x86.Build.0 = Debug|Win32
		{AE266868-DCCF-40D4-9A58-C0E192B5A765}.Release|x64.ActiveCfg = Release|x64
		{AE266868-DCCF-40D4-9A58-C0E192B5A765}.Release|x64.Build.0 = Release|x64
		{AE266868-DCCF-40D4-9A58-C0E192B5A765}.Release|x86.ActiveCfg = Release|Win32
		{AE266868-DCCF-40D4-9A58-C0E192B5A765}.Release|x86.Build.0 = Release|Win32
		{4818AC6C-1F34-4D62-9279-F27D699FEC8E}.Debug|x64.ActiveCfg = Debug|x64
		{4818AC6C-1F34-4D62-9279-F27D699FEC8E}.Debug|x64.Build.0 = Debug|x64
		{4818AC6C-1F34-4D62-9279-F27D699FEC8E}.Debug|x86.ActiveCfg = Debug|Win32
		{4818AC6C-1F34-4D62-9279-F27D699FEC8E}.Debug|x86.Build.0 = Debug|Win32
		{4818AC6C-1F34-4D62-9279-F27D699FEC8E}.Release|x64.ActiveCfg = Release|x64
		{4818AC6C-1F34-4D62-9279-F27D699FEC8E}.Release|x64.Build.0 = Release|x64
		{4818AC6C-1F34-4D62-9279-F27D699FEC8E}.Release|x86.ActiveCfg = Release|Win32
		{4818AC6C-1F34-4D62-9279-F27D699FEC8E}.Release|x86.Build.0 = Release|Win32
	EndGlobalSection
	GlobalSection(SolutionProperties) = preSolution
		HideSolutionNode = FALSE
	EndGlobalSection
	GlobalSection(ExtensibilityGlobals) = postSolution
		SolutionGuid = {37A21E83-0468-470F-BB5C-D3B84FCF1EFA}
	EndGlobalSection
EndGlobal
