
Microsoft Visual Studio Solution File, Format Version 12.00
# Visual Studio Version 16
VisualStudioVersion = 16.0.29613.14
MinimumVisualStudioVersion = 10.0.40219.1
Project("{8BC9CEB8-8B4A-11D0-8D11-00A0C91BC942}") = "Longest Increasing Subsequence", "Longest Increasing Subsequence\Longest Increasing Subsequence.vcxproj", "{B0F37F85-13D6-4ECE-8887-D3B650EBC719}"
EndProject
Project("{8BC9CEB8-8B4A-11D0-8D11-00A0C91BC942}") = "Longest Common Subsequence", "Longest Common Subsequence\Longest Common Subsequence.vcxproj", "{6CB88152-80C8-4B0C-9B8B-29588EB667EB}"
EndProject
Project("{8BC9CEB8-8B4A-11D0-8D11-00A0C91BC942}") = "Edit Distance", "Edit Distance\Edit Distance.vcxproj", "{334EE85F-AA43-467F-A93E-E12F87EB74D0}"
EndProject
Project("{8BC9CEB8-8B4A-11D0-8D11-00A0C91BC942}") = "Minimum Cost Path", "Minimum Cost Path\Minimum Cost Path.vcxproj", "{666CF1DA-9AA3-4ED8-BD48-5C3A41E9EA92}"
EndProject
Project("{8BC9CEB8-8B4A-11D0-8D11-00A0C91BC942}") = "Coin Change", "Coin Change\Coin Change.vcxproj", "{9A731C93-2C26-46B8-B58E-6C2B7F1EC5C8}"
EndProject
Project("{8BC9CEB8-8B4A-11D0-8D11-00A0C91BC942}") = "Matrix Chain Multiplication", "Matrix Chain Multiplication\Matrix Chain Multiplication.vcxproj", "{DB65BF32-D2B1-4127-82CA-8DE9AC26F772}"
EndProject
Project("{8BC9CEB8-8B4A-11D0-8D11-00A0C91BC942}") = "Binomial Coefficient", "Binomial Coefficient\Binomial Coefficient.vcxproj", "{60FD57C5-114A-4828-A2CB-49454D8E1392}"
EndProject
Project("{8BC9CEB8-8B4A-11D0-8D11-00A0C91BC942}") = "0-1 Knapsack Problem", "0-1 Knapsack Problem\0-1 Knapsack Problem.vcxproj", "{4A9CA1BB-0132-4E05-AA0C-60B889B170D0}"
EndProject
Project("{8BC9CEB8-8B4A-11D0-8D11-00A0C91BC942}") = "Egg Dropping puzzle", "Egg Dropping puzzle\Egg Dropping puzzle.vcxproj", "{A87341B1-CCE7-4F91-862A-AB279415AAC1}"
EndProject
Project("{8BC9CEB8-8B4A-11D0-8D11-00A0C91BC942}") = "Longest Palindromic Subsequence", "Longest Palindromic Subsequence\Longest Palindromic Subsequence.vcxproj", "{661DF750-FA98-4B52-B534-2117D2743A88}"
EndProject
Project("{8BC9CEB8-8B4A-11D0-8D11-00A0C91BC942}") = "Cutting a Rod", "Cutting a Rod\Cutting a Rod.vcxproj", "{446E9868-C66B-4E2F-9E9E-EF8E5847DF9B}"
EndProject
Project("{8BC9CEB8-8B4A-11D0-8D11-00A0C91BC942}") = "Maximum Sum Increasing Subsequence", "Maximum Sum Increasing Subsequence\Maximum Sum Increasing Subsequence.vcxproj", "{67C86C9E-1901-43A8-A0B8-C3CF2E7B0103}"
EndProject
Project("{8BC9CEB8-8B4A-11D0-8D11-00A0C91BC942}") = "Longest Bitonic Subsequence", "Longest Bitonic Subsequence\Longest Bitonic Subsequence.vcxproj", "{A1A3FD58-BE0A-440E-B459-8B9286AC6FC6}"
EndProject
Project("{8BC9CEB8-8B4A-11D0-8D11-00A0C91BC942}") = "Floyd Warshall Algorithm", "Floyd Warshall Algorithm\Floyd Warshall Algorithm.vcxproj", "{64D54EB2-1882-4702-913E-E743AF689E8A}"
EndProject
Project("{8BC9CEB8-8B4A-11D0-8D11-00A0C91BC942}") = "Palindrome Partitioning", "Palindrome Partitioning\Palindrome Partitioning.vcxproj", "{2C098166-7DB3-43A0-8517-0C98CD06426E}"
EndProject
Project("{8BC9CEB8-8B4A-11D0-8D11-00A0C91BC942}") = "Subset Sum Problem", "Subset Sum Problem\Subset Sum Problem.vcxproj", "{D94F21DD-081E-4896-B5D0-CEF581E655C7}"
EndProject
Project("{8BC9CEB8-8B4A-11D0-8D11-00A0C91BC942}") = "Equal Sum Partition Problem", "Equal Sum Partition Problem\Equal Sum Partition Problem.vcxproj", "{59FFE7D2-FCAB-419F-85FD-5AB60530D261}"
EndProject
Project("{8BC9CEB8-8B4A-11D0-8D11-00A0C91BC942}") = "Maximum Length Chain of Pairs", "Maximum Length Chain of Pairs\Maximum Length Chain of Pairs.vcxproj", "{34228F32-742C-4F55-A37A-7297177A82C0}"
EndProject
Project("{8BC9CEB8-8B4A-11D0-8D11-00A0C91BC942}") = "Box Stacking Problem", "Box Stacking Problem\Box Stacking Problem.vcxproj", "{AAD2A99F-955A-412B-A860-3274D247D397}"
EndProject
Project("{8BC9CEB8-8B4A-11D0-8D11-00A0C91BC942}") = "Fibonacci Numbers", "Fibonacci Numbers\Fibonacci Numbers.vcxproj", "{B1C096F1-3ABC-423D-8E38-E5D8E369882E}"
EndProject
Project("{8BC9CEB8-8B4A-11D0-8D11-00A0C91BC942}") = "Minimum number of jumps to reach end", "Minimum number of jumps to reach end\Minimum number of jumps to reach end.vcxproj", "{8CCD1B56-84E1-4E9D-A6F1-37A658D65CE1}"
EndProject
Project("{8BC9CEB8-8B4A-11D0-8D11-00A0C91BC942}") = "Maximum size square sub-matrix with all 1s", "Maximum size square sub-matrix with all 1s\Maximum size square sub-matrix with all 1s.vcxproj", "{E953F4D7-CC87-468F-BA95-CEFB7F99A80B}"
EndProject
Project("{8BC9CEB8-8B4A-11D0-8D11-00A0C91BC942}") = "Ugly Numbers", "Ugly Numbers\Ugly Numbers.vcxproj", "{E354FFB5-3003-495E-A61F-EF96C0BA3508}"
EndProject
Project("{8BC9CEB8-8B4A-11D0-8D11-00A0C91BC942}") = "Largest Sum Contiguous Subarray", "Largest Sum Contiguous Subarray\Largest Sum Contiguous Subarray.vcxproj", "{B466D14B-BCFF-49AD-A754-F655B951F572}"
EndProject
Project("{8BC9CEB8-8B4A-11D0-8D11-00A0C91BC942}") = "Longest Palindromic Substring", "Longest Palindromic Substring\Longest Palindromic Substring.vcxproj", "{216E0714-8294-4C79-A765-1089F2755B11}"
EndProject
Project("{8BC9CEB8-8B4A-11D0-8D11-00A0C91BC942}") = "Bellman–Ford Algorithm", "Bellman–Ford Algorithm\Bellman–Ford Algorithm.vcxproj", "{3328BC02-4BF0-4A16-9F7E-53F198DD9551}"
EndProject
Project("{8BC9CEB8-8B4A-11D0-8D11-00A0C91BC942}") = "Optimal Binary Search Tree", "Optimal Binary Search Tree\Optimal Binary Search Tree.vcxproj", "{D994E19B-EB77-4B98-B3CD-DFCC3D2A9BF1}"
EndProject
Project("{8BC9CEB8-8B4A-11D0-8D11-00A0C91BC942}") = "Largest Independent Set Problem", "Largest Independent Set Problem\Largest Independent Set Problem.vcxproj", "{8598E8AC-B605-45C1-9749-D3C4927AFD09}"
EndProject
Project("{8BC9CEB8-8B4A-11D0-8D11-00A0C91BC942}") = "Maximum sum rectangle in a 2D matrix", "Maximum sum rectangle in a 2D matrix\Maximum sum rectangle in a 2D matrix.vcxproj", "{FED31D28-F838-4423-8D19-52B88615C8C1}"
EndProject
Project("{8BC9CEB8-8B4A-11D0-8D11-00A0C91BC942}") = "Number of binary strings without consecutive 1’s", "Number of binary strings without consecutive 1’s\Number of binary strings without consecutive 1’s.vcxproj", "{03D7B598-6A8B-4DDF-BAE0-2D90E980F6AD}"
EndProject
Project("{8BC9CEB8-8B4A-11D0-8D11-00A0C91BC942}") = "Boolean Parenthesization Problem", "Boolean Parenthesization Problem\Boolean Parenthesization Problem.vcxproj", "{4C0A334D-D70C-46DE-9ED4-6733F8257684}"
EndProject
Project("{8BC9CEB8-8B4A-11D0-8D11-00A0C91BC942}") = "Count ways to reach the n'th stair", "Count ways to reach the n'th stair\Count ways to reach the n'th stair.vcxproj", "{313C2C8A-3DAA-4FEA-AFE9-29416E171265}"
EndProject
Project("{8BC9CEB8-8B4A-11D0-8D11-00A0C91BC942}") = "Minimum Cost Polygon Triangulation", "Minimum Cost Polygon Triangulation\Minimum Cost Polygon Triangulation.vcxproj", "{25CC29E4-B5C4-455A-9D3E-23B9A6F7D911}"
EndProject
Global
	GlobalSection(SolutionConfigurationPlatforms) = preSolution
		Debug|x64 = Debug|x64
		Debug|x86 = Debug|x86
		Release|x64 = Release|x64
		Release|x86 = Release|x86
	EndGlobalSection
	GlobalSection(ProjectConfigurationPlatforms) = postSolution
		{B0F37F85-13D6-4ECE-8887-D3B650EBC719}.Debug|x64.ActiveCfg = Debug|x64
		{B0F37F85-13D6-4ECE-8887-D3B650EBC719}.Debug|x64.Build.0 = Debug|x64
		{B0F37F85-13D6-4ECE-8887-D3B650EBC719}.Debug|x86.ActiveCfg = Debug|Win32
		{B0F37F85-13D6-4ECE-8887-D3B650EBC719}.Debug|x86.Build.0 = Debug|Win32
		{B0F37F85-13D6-4ECE-8887-D3B650EBC719}.Release|x64.ActiveCfg = Release|x64
		{B0F37F85-13D6-4ECE-8887-D3B650EBC719}.Release|x64.Build.0 = Release|x64
		{B0F37F85-13D6-4ECE-8887-D3B650EBC719}.Release|x86.ActiveCfg = Release|Win32
		{B0F37F85-13D6-4ECE-8887-D3B650EBC719}.Release|x86.Build.0 = Release|Win32
		{6CB88152-80C8-4B0C-9B8B-29588EB667EB}.Debug|x64.ActiveCfg = Debug|x64
		{6CB88152-80C8-4B0C-9B8B-29588EB667EB}.Debug|x64.Build.0 = Debug|x64
		{6CB88152-80C8-4B0C-9B8B-29588EB667EB}.Debug|x86.ActiveCfg = Debug|Win32
		{6CB88152-80C8-4B0C-9B8B-29588EB667EB}.Debug|x86.Build.0 = Debug|Win32
		{6CB88152-80C8-4B0C-9B8B-29588EB667EB}.Release|x64.ActiveCfg = Release|x64
		{6CB88152-80C8-4B0C-9B8B-29588EB667EB}.Release|x64.Build.0 = Release|x64
		{6CB88152-80C8-4B0C-9B8B-29588EB667EB}.Release|x86.ActiveCfg = Release|Win32
		{6CB88152-80C8-4B0C-9B8B-29588EB667EB}.Release|x86.Build.0 = Release|Win32
		{334EE85F-AA43-467F-A93E-E12F87EB74D0}.Debug|x64.ActiveCfg = Debug|x64
		{334EE85F-AA43-467F-A93E-E12F87EB74D0}.Debug|x64.Build.0 = Debug|x64
		{334EE85F-AA43-467F-A93E-E12F87EB74D0}.Debug|x86.ActiveCfg = Debug|Win32
		{334EE85F-AA43-467F-A93E-E12F87EB74D0}.Debug|x86.Build.0 = Debug|Win32
		{334EE85F-AA43-467F-A93E-E12F87EB74D0}.Release|x64.ActiveCfg = Release|x64
		{334EE85F-AA43-467F-A93E-E12F87EB74D0}.Release|x64.Build.0 = Release|x64
		{334EE85F-AA43-467F-A93E-E12F87EB74D0}.Release|x86.ActiveCfg = Release|Win32
		{334EE85F-AA43-467F-A93E-E12F87EB74D0}.Release|x86.Build.0 = Release|Win32
		{666CF1DA-9AA3-4ED8-BD48-5C3A41E9EA92}.Debug|x64.ActiveCfg = Debug|x64
		{666CF1DA-9AA3-4ED8-BD48-5C3A41E9EA92}.Debug|x64.Build.0 = Debug|x64
		{666CF1DA-9AA3-4ED8-BD48-5C3A41E9EA92}.Debug|x86.ActiveCfg = Debug|Win32
		{666CF1DA-9AA3-4ED8-BD48-5C3A41E9EA92}.Debug|x86.Build.0 = Debug|Win32
		{666CF1DA-9AA3-4ED8-BD48-5C3A41E9EA92}.Release|x64.ActiveCfg = Release|x64
		{666CF1DA-9AA3-4ED8-BD48-5C3A41E9EA92}.Release|x64.Build.0 = Release|x64
		{666CF1DA-9AA3-4ED8-BD48-5C3A41E9EA92}.Release|x86.ActiveCfg = Release|Win32
		{666CF1DA-9AA3-4ED8-BD48-5C3A41E9EA92}.Release|x86.Build.0 = Release|Win32
		{9A731C93-2C26-46B8-B58E-6C2B7F1EC5C8}.Debug|x64.ActiveCfg = Debug|x64
		{9A731C93-2C26-46B8-B58E-6C2B7F1EC5C8}.Debug|x64.Build.0 = Debug|x64
		{9A731C93-2C26-46B8-B58E-6C2B7F1EC5C8}.Debug|x86.ActiveCfg = Debug|Win32
		{9A731C93-2C26-46B8-B58E-6C2B7F1EC5C8}.Debug|x86.Build.0 = Debug|Win32
		{9A731C93-2C26-46B8-B58E-6C2B7F1EC5C8}.Release|x64.ActiveCfg = Release|x64
		{9A731C93-2C26-46B8-B58E-6C2B7F1EC5C8}.Release|x64.Build.0 = Release|x64
		{9A731C93-2C26-46B8-B58E-6C2B7F1EC5C8}.Release|x86.ActiveCfg = Release|Win32
		{9A731C93-2C26-46B8-B58E-6C2B7F1EC5C8}.Release|x86.Build.0 = Release|Win32
		{DB65BF32-D2B1-4127-82CA-8DE9AC26F772}.Debug|x64.ActiveCfg = Debug|x64
		{DB65BF32-D2B1-4127-82CA-8DE9AC26F772}.Debug|x64.Build.0 = Debug|x64
		{DB65BF32-D2B1-4127-82CA-8DE9AC26F772}.Debug|x86.ActiveCfg = Debug|Win32
		{DB65BF32-D2B1-4127-82CA-8DE9AC26F772}.Debug|x86.Build.0 = Debug|Win32
		{DB65BF32-D2B1-4127-82CA-8DE9AC26F772}.Release|x64.ActiveCfg = Release|x64
		{DB65BF32-D2B1-4127-82CA-8DE9AC26F772}.Release|x64.Build.0 = Release|x64
		{DB65BF32-D2B1-4127-82CA-8DE9AC26F772}.Release|x86.ActiveCfg = Release|Win32
		{DB65BF32-D2B1-4127-82CA-8DE9AC26F772}.Release|x86.Build.0 = Release|Win32
		{60FD57C5-114A-4828-A2CB-49454D8E1392}.Debug|x64.ActiveCfg = Debug|x64
		{60FD57C5-114A-4828-A2CB-49454D8E1392}.Debug|x64.Build.0 = Debug|x64
		{60FD57C5-114A-4828-A2CB-49454D8E1392}.Debug|x86.ActiveCfg = Debug|Win32
		{60FD57C5-114A-4828-A2CB-49454D8E1392}.Debug|x86.Build.0 = Debug|Win32
		{60FD57C5-114A-4828-A2CB-49454D8E1392}.Release|x64.ActiveCfg = Release|x64
		{60FD57C5-114A-4828-A2CB-49454D8E1392}.Release|x64.Build.0 = Release|x64
		{60FD57C5-114A-4828-A2CB-49454D8E1392}.Release|x86.ActiveCfg = Release|Win32
		{60FD57C5-114A-4828-A2CB-49454D8E1392}.Release|x86.Build.0 = Release|Win32
		{4A9CA1BB-0132-4E05-AA0C-60B889B170D0}.Debug|x64.ActiveCfg = Debug|x64
		{4A9CA1BB-0132-4E05-AA0C-60B889B170D0}.Debug|x64.Build.0 = Debug|x64
		{4A9CA1BB-0132-4E05-AA0C-60B889B170D0}.Debug|x86.ActiveCfg = Debug|Win32
		{4A9CA1BB-0132-4E05-AA0C-60B889B170D0}.Debug|x86.Build.0 = Debug|Win32
		{4A9CA1BB-0132-4E05-AA0C-60B889B170D0}.Release|x64.ActiveCfg = Release|x64
		{4A9CA1BB-0132-4E05-AA0C-60B889B170D0}.Release|x64.Build.0 = Release|x64
		{4A9CA1BB-0132-4E05-AA0C-60B889B170D0}.Release|x86.ActiveCfg = Release|Win32
		{4A9CA1BB-0132-4E05-AA0C-60B889B170D0}.Release|x86.Build.0 = Release|Win32
		{A87341B1-CCE7-4F91-862A-AB279415AAC1}.Debug|x64.ActiveCfg = Debug|x64
		{A87341B1-CCE7-4F91-862A-AB279415AAC1}.Debug|x64.Build.0 = Debug|x64
		{A87341B1-CCE7-4F91-862A-AB279415AAC1}.Debug|x86.ActiveCfg = Debug|Win32
		{A87341B1-CCE7-4F91-862A-AB279415AAC1}.Debug|x86.Build.0 = Debug|Win32
		{A87341B1-CCE7-4F91-862A-AB279415AAC1}.Release|x64.ActiveCfg = Release|x64
		{A87341B1-CCE7-4F91-862A-AB279415AAC1}.Release|x64.Build.0 = Release|x64
		{A87341B1-CCE7-4F91-862A-AB279415AAC1}.Release|x86.ActiveCfg = Release|Win32
		{A87341B1-CCE7-4F91-862A-AB279415AAC1}.Release|x86.Build.0 = Release|Win32
		{661DF750-FA98-4B52-B534-2117D2743A88}.Debug|x64.ActiveCfg = Debug|x64
		{661DF750-FA98-4B52-B534-2117D2743A88}.Debug|x64.Build.0 = Debug|x64
		{661DF750-FA98-4B52-B534-2117D2743A88}.Debug|x86.ActiveCfg = Debug|Win32
		{661DF750-FA98-4B52-B534-2117D2743A88}.Debug|x86.Build.0 = Debug|Win32
		{661DF750-FA98-4B52-B534-2117D2743A88}.Release|x64.ActiveCfg = Release|x64
		{661DF750-FA98-4B52-B534-2117D2743A88}.Release|x64.Build.0 = Release|x64
		{661DF750-FA98-4B52-B534-2117D2743A88}.Release|x86.ActiveCfg = Release|Win32
		{661DF750-FA98-4B52-B534-2117D2743A88}.Release|x86.Build.0 = Release|Win32
		{446E9868-C66B-4E2F-9E9E-EF8E5847DF9B}.Debug|x64.ActiveCfg = Debug|x64
		{446E9868-C66B-4E2F-9E9E-EF8E5847DF9B}.Debug|x64.Build.0 = Debug|x64
		{446E9868-C66B-4E2F-9E9E-EF8E5847DF9B}.Debug|x86.ActiveCfg = Debug|Win32
		{446E9868-C66B-4E2F-9E9E-EF8E5847DF9B}.Debug|x86.Build.0 = Debug|Win32
		{446E9868-C66B-4E2F-9E9E-EF8E5847DF9B}.Release|x64.ActiveCfg = Release|x64
		{446E9868-C66B-4E2F-9E9E-EF8E5847DF9B}.Release|x64.Build.0 = Release|x64
		{446E9868-C66B-4E2F-9E9E-EF8E5847DF9B}.Release|x86.ActiveCfg = Release|Win32
		{446E9868-C66B-4E2F-9E9E-EF8E5847DF9B}.Release|x86.Build.0 = Release|Win32
		{67C86C9E-1901-43A8-A0B8-C3CF2E7B0103}.Debug|x64.ActiveCfg = Debug|x64
		{67C86C9E-1901-43A8-A0B8-C3CF2E7B0103}.Debug|x64.Build.0 = Debug|x64
		{67C86C9E-1901-43A8-A0B8-C3CF2E7B0103}.Debug|x86.ActiveCfg = Debug|Win32
		{67C86C9E-1901-43A8-A0B8-C3CF2E7B0103}.Debug|x86.Build.0 = Debug|Win32
		{67C86C9E-1901-43A8-A0B8-C3CF2E7B0103}.Release|x64.ActiveCfg = Release|x64
		{67C86C9E-1901-43A8-A0B8-C3CF2E7B0103}.Release|x64.Build.0 = Release|x64
		{67C86C9E-1901-43A8-A0B8-C3CF2E7B0103}.Release|x86.ActiveCfg = Release|Win32
		{67C86C9E-1901-43A8-A0B8-C3CF2E7B0103}.Release|x86.Build.0 = Release|Win32
		{A1A3FD58-BE0A-440E-B459-8B9286AC6FC6}.Debug|x64.ActiveCfg = Debug|x64
		{A1A3FD58-BE0A-440E-B459-8B9286AC6FC6}.Debug|x64.Build.0 = Debug|x64
		{A1A3FD58-BE0A-440E-B459-8B9286AC6FC6}.Debug|x86.ActiveCfg = Debug|Win32
		{A1A3FD58-BE0A-440E-B459-8B9286AC6FC6}.Debug|x86.Build.0 = Debug|Win32
		{A1A3FD58-BE0A-440E-B459-8B9286AC6FC6}.Release|x64.ActiveCfg = Release|x64
		{A1A3FD58-BE0A-440E-B459-8B9286AC6FC6}.Release|x64.Build.0 = Release|x64
		{A1A3FD58-BE0A-440E-B459-8B9286AC6FC6}.Release|x86.ActiveCfg = Release|Win32
		{A1A3FD58-BE0A-440E-B459-8B9286AC6FC6}.Release|x86.Build.0 = Release|Win32
		{64D54EB2-1882-4702-913E-E743AF689E8A}.Debug|x64.ActiveCfg = Debug|x64
		{64D54EB2-1882-4702-913E-E743AF689E8A}.Debug|x64.Build.0 = Debug|x64
		{64D54EB2-1882-4702-913E-E743AF689E8A}.Debug|x86.ActiveCfg = Debug|Win32
		{64D54EB2-1882-4702-913E-E743AF689E8A}.Debug|x86.Build.0 = Debug|Win32
		{64D54EB2-1882-4702-913E-E743AF689E8A}.Release|x64.ActiveCfg = Release|x64
		{64D54EB2-1882-4702-913E-E743AF689E8A}.Release|x64.Build.0 = Release|x64
		{64D54EB2-1882-4702-913E-E743AF689E8A}.Release|x86.ActiveCfg = Release|Win32
		{64D54EB2-1882-4702-913E-E743AF689E8A}.Release|x86.Build.0 = Release|Win32
		{2C098166-7DB3-43A0-8517-0C98CD06426E}.Debug|x64.ActiveCfg = Debug|x64
		{2C098166-7DB3-43A0-8517-0C98CD06426E}.Debug|x64.Build.0 = Debug|x64
		{2C098166-7DB3-43A0-8517-0C98CD06426E}.Debug|x86.ActiveCfg = Debug|Win32
		{2C098166-7DB3-43A0-8517-0C98CD06426E}.Debug|x86.Build.0 = Debug|Win32
		{2C098166-7DB3-43A0-8517-0C98CD06426E}.Release|x64.ActiveCfg = Release|x64
		{2C098166-7DB3-43A0-8517-0C98CD06426E}.Release|x64.Build.0 = Release|x64
		{2C098166-7DB3-43A0-8517-0C98CD06426E}.Release|x86.ActiveCfg = Release|Win32
		{2C098166-7DB3-43A0-8517-0C98CD06426E}.Release|x86.Build.0 = Release|Win32
		{D94F21DD-081E-4896-B5D0-CEF581E655C7}.Debug|x64.ActiveCfg = Debug|x64
		{D94F21DD-081E-4896-B5D0-CEF581E655C7}.Debug|x64.Build.0 = Debug|x64
		{D94F21DD-081E-4896-B5D0-CEF581E655C7}.Debug|x86.ActiveCfg = Debug|Win32
		{D94F21DD-081E-4896-B5D0-CEF581E655C7}.Debug|x86.Build.0 = Debug|Win32
		{D94F21DD-081E-4896-B5D0-CEF581E655C7}.Release|x64.ActiveCfg = Release|x64
		{D94F21DD-081E-4896-B5D0-CEF581E655C7}.Release|x64.Build.0 = Release|x64
		{D94F21DD-081E-4896-B5D0-CEF581E655C7}.Release|x86.ActiveCfg = Release|Win32
		{D94F21DD-081E-4896-B5D0-CEF581E655C7}.Release|x86.Build.0 = Release|Win32
		{59FFE7D2-FCAB-419F-85FD-5AB60530D261}.Debug|x64.ActiveCfg = Debug|x64
		{59FFE7D2-FCAB-419F-85FD-5AB60530D261}.Debug|x64.Build.0 = Debug|x64
		{59FFE7D2-FCAB-419F-85FD-5AB60530D261}.Debug|x86.ActiveCfg = Debug|Win32
		{59FFE7D2-FCAB-419F-85FD-5AB60530D261}.Debug|x86.Build.0 = Debug|Win32
		{59FFE7D2-FCAB-419F-85FD-5AB60530D261}.Release|x64.ActiveCfg = Release|x64
		{59FFE7D2-FCAB-419F-85FD-5AB60530D261}.Release|x64.Build.0 = Release|x64
		{59FFE7D2-FCAB-419F-85FD-5AB60530D261}.Release|x86.ActiveCfg = Release|Win32
		{59FFE7D2-FCAB-419F-85FD-5AB60530D261}.Release|x86.Build.0 = Release|Win32
		{34228F32-742C-4F55-A37A-7297177A82C0}.Debug|x64.ActiveCfg = Debug|x64
		{34228F32-742C-4F55-A37A-7297177A82C0}.Debug|x64.Build.0 = Debug|x64
		{34228F32-742C-4F55-A37A-7297177A82C0}.Debug|x86.ActiveCfg = Debug|Win32
		{34228F32-742C-4F55-A37A-7297177A82C0}.Debug|x86.Build.0 = Debug|Win32
		{34228F32-742C-4F55-A37A-7297177A82C0}.Release|x64.ActiveCfg = Release|x64
		{34228F32-742C-4F55-A37A-7297177A82C0}.Release|x64.Build.0 = Release|x64
		{34228F32-742C-4F55-A37A-7297177A82C0}.Release|x86.ActiveCfg = Release|Win32
		{34228F32-742C-4F55-A37A-7297177A82C0}.Release|x86.Build.0 = Release|Win32
		{AAD2A99F-955A-412B-A860-3274D247D397}.Debug|x64.ActiveCfg = Debug|x64
		{AAD2A99F-955A-412B-A860-3274D247D397}.Debug|x64.Build.0 = Debug|x64
		{AAD2A99F-955A-412B-A860-3274D247D397}.Debug|x86.ActiveCfg = Debug|Win32
		{AAD2A99F-955A-412B-A860-3274D247D397}.Debug|x86.Build.0 = Debug|Win32
		{AAD2A99F-955A-412B-A860-3274D247D397}.Release|x64.ActiveCfg = Release|x64
		{AAD2A99F-955A-412B-A860-3274D247D397}.Release|x64.Build.0 = Release|x64
		{AAD2A99F-955A-412B-A860-3274D247D397}.Release|x86.ActiveCfg = Release|Win32
		{AAD2A99F-955A-412B-A860-3274D247D397}.Release|x86.Build.0 = Release|Win32
		{B1C096F1-3ABC-423D-8E38-E5D8E369882E}.Debug|x64.ActiveCfg = Debug|x64
		{B1C096F1-3ABC-423D-8E38-E5D8E369882E}.Debug|x64.Build.0 = Debug|x64
		{B1C096F1-3ABC-423D-8E38-E5D8E369882E}.Debug|x86.ActiveCfg = Debug|Win32
		{B1C096F1-3ABC-423D-8E38-E5D8E369882E}.Debug|x86.Build.0 = Debug|Win32
		{B1C096F1-3ABC-423D-8E38-E5D8E369882E}.Release|x64.ActiveCfg = Release|x64
		{B1C096F1-3ABC-423D-8E38-E5D8E369882E}.Release|x64.Build.0 = Release|x64
		{B1C096F1-3ABC-423D-8E38-E5D8E369882E}.Release|x86.ActiveCfg = Release|Win32
		{B1C096F1-3ABC-423D-8E38-E5D8E369882E}.Release|x86.Build.0 = Release|Win32
		{8CCD1B56-84E1-4E9D-A6F1-37A658D65CE1}.Debug|x64.ActiveCfg = Debug|x64
		{8CCD1B56-84E1-4E9D-A6F1-37A658D65CE1}.Debug|x64.Build.0 = Debug|x64
		{8CCD1B56-84E1-4E9D-A6F1-37A658D65CE1}.Debug|x86.ActiveCfg = Debug|Win32
		{8CCD1B56-84E1-4E9D-A6F1-37A658D65CE1}.Debug|x86.Build.0 = Debug|Win32
		{8CCD1B56-84E1-4E9D-A6F1-37A658D65CE1}.Release|x64.ActiveCfg = Release|x64
		{8CCD1B56-84E1-4E9D-A6F1-37A658D65CE1}.Release|x64.Build.0 = Release|x64
		{8CCD1B56-84E1-4E9D-A6F1-37A658D65CE1}.Release|x86.ActiveCfg = Release|Win32
		{8CCD1B56-84E1-4E9D-A6F1-37A658D65CE1}.Release|x86.Build.0 = Release|Win32
		{E953F4D7-CC87-468F-BA95-CEFB7F99A80B}.Debug|x64.ActiveCfg = Debug|x64
		{E953F4D7-CC87-468F-BA95-CEFB7F99A80B}.Debug|x64.Build.0 = Debug|x64
		{E953F4D7-CC87-468F-BA95-CEFB7F99A80B}.Debug|x86.ActiveCfg = Debug|Win32
		{E953F4D7-CC87-468F-BA95-CEFB7F99A80B}.Debug|x86.Build.0 = Debug|Win32
		{E953F4D7-CC87-468F-BA95-CEFB7F99A80B}.Release|x64.ActiveCfg = Release|x64
		{E953F4D7-CC87-468F-BA95-CEFB7F99A80B}.Release|x64.Build.0 = Release|x64
		{E953F4D7-CC87-468F-BA95-CEFB7F99A80B}.Release|x86.ActiveCfg = Release|Win32
		{E953F4D7-CC87-468F-BA95-CEFB7F99A80B}.Release|x86.Build.0 = Release|Win32
		{E354FFB5-3003-495E-A61F-EF96C0BA3508}.Debug|x64.ActiveCfg = Debug|x64
		{E354FFB5-3003-495E-A61F-EF96C0BA3508}.Debug|x64.Build.0 = Debug|x64
		{E354FFB5-3003-495E-A61F-EF96C0BA3508}.Debug|x86.ActiveCfg = Debug|Win32
		{E354FFB5-3003-495E-A61F-EF96C0BA3508}.Debug|x86.Build.0 = Debug|Win32
		{E354FFB5-3003-495E-A61F-EF96C0BA3508}.Release|x64.ActiveCfg = Release|x64
		{E354FFB5-3003-495E-A61F-EF96C0BA3508}.Release|x64.Build.0 = Release|x64
		{E354FFB5-3003-495E-A61F-EF96C0BA3508}.Release|x86.ActiveCfg = Release|Win32
		{E354FFB5-3003-495E-A61F-EF96C0BA3508}.Release|x86.Build.0 = Release|Win32
		{B466D14B-BCFF-49AD-A754-F655B951F572}.Debug|x64.ActiveCfg = Debug|x64
		{B466D14B-BCFF-49AD-A754-F655B951F572}.Debug|x64.Build.0 = Debug|x64
		{B466D14B-BCFF-49AD-A754-F655B951F572}.Debug|x86.ActiveCfg = Debug|Win32
		{B466D14B-BCFF-49AD-A754-F655B951F572}.Debug|x86.Build.0 = Debug|Win32
		{B466D14B-BCFF-49AD-A754-F655B951F572}.Release|x64.ActiveCfg = Release|x64
		{B466D14B-BCFF-49AD-A754-F655B951F572}.Release|x64.Build.0 = Release|x64
		{B466D14B-BCFF-49AD-A754-F655B951F572}.Release|x86.ActiveCfg = Release|Win32
		{B466D14B-BCFF-49AD-A754-F655B951F572}.Release|x86.Build.0 = Release|Win32
		{216E0714-8294-4C79-A765-1089F2755B11}.Debug|x64.ActiveCfg = Debug|x64
		{216E0714-8294-4C79-A765-1089F2755B11}.Debug|x64.Build.0 = Debug|x64
		{216E0714-8294-4C79-A765-1089F2755B11}.Debug|x86.ActiveCfg = Debug|Win32
		{216E0714-8294-4C79-A765-1089F2755B11}.Debug|x86.Build.0 = Debug|Win32
		{216E0714-8294-4C79-A765-1089F2755B11}.Release|x64.ActiveCfg = Release|x64
		{216E0714-8294-4C79-A765-1089F2755B11}.Release|x64.Build.0 = Release|x64
		{216E0714-8294-4C79-A765-1089F2755B11}.Release|x86.ActiveCfg = Release|Win32
		{216E0714-8294-4C79-A765-1089F2755B11}.Release|x86.Build.0 = Release|Win32
		{3328BC02-4BF0-4A16-9F7E-53F198DD9551}.Debug|x64.ActiveCfg = Debug|x64
		{3328BC02-4BF0-4A16-9F7E-53F198DD9551}.Debug|x64.Build.0 = Debug|x64
		{3328BC02-4BF0-4A16-9F7E-53F198DD9551}.Debug|x86.ActiveCfg = Debug|Win32
		{3328BC02-4BF0-4A16-9F7E-53F198DD9551}.Debug|x86.Build.0 = Debug|Win32
		{3328BC02-4BF0-4A16-9F7E-53F198DD9551}.Release|x64.ActiveCfg = Release|x64
		{3328BC02-4BF0-4A16-9F7E-53F198DD9551}.Release|x64.Build.0 = Release|x64
		{3328BC02-4BF0-4A16-9F7E-53F198DD9551}.Release|x86.ActiveCfg = Release|Win32
		{3328BC02-4BF0-4A16-9F7E-53F198DD9551}.Release|x86.Build.0 = Release|Win32
		{D994E19B-EB77-4B98-B3CD-DFCC3D2A9BF1}.Debug|x64.ActiveCfg = Debug|x64
		{D994E19B-EB77-4B98-B3CD-DFCC3D2A9BF1}.Debug|x64.Build.0 = Debug|x64
		{D994E19B-EB77-4B98-B3CD-DFCC3D2A9BF1}.Debug|x86.ActiveCfg = Debug|Win32
		{D994E19B-EB77-4B98-B3CD-DFCC3D2A9BF1}.Debug|x86.Build.0 = Debug|Win32
		{D994E19B-EB77-4B98-B3CD-DFCC3D2A9BF1}.Release|x64.ActiveCfg = Release|x64
		{D994E19B-EB77-4B98-B3CD-DFCC3D2A9BF1}.Release|x64.Build.0 = Release|x64
		{D994E19B-EB77-4B98-B3CD-DFCC3D2A9BF1}.Release|x86.ActiveCfg = Release|Win32
		{D994E19B-EB77-4B98-B3CD-DFCC3D2A9BF1}.Release|x86.Build.0 = Release|Win32
		{8598E8AC-B605-45C1-9749-D3C4927AFD09}.Debug|x64.ActiveCfg = Debug|x64
		{8598E8AC-B605-45C1-9749-D3C4927AFD09}.Debug|x64.Build.0 = Debug|x64
		{8598E8AC-B605-45C1-9749-D3C4927AFD09}.Debug|x86.ActiveCfg = Debug|Win32
		{8598E8AC-B605-45C1-9749-D3C4927AFD09}.Debug|x86.Build.0 = Debug|Win32
		{8598E8AC-B605-45C1-9749-D3C4927AFD09}.Release|x64.ActiveCfg = Release|x64
		{8598E8AC-B605-45C1-9749-D3C4927AFD09}.Release|x64.Build.0 = Release|x64
		{8598E8AC-B605-45C1-9749-D3C4927AFD09}.Release|x86.ActiveCfg = Release|Win32
		{8598E8AC-B605-45C1-9749-D3C4927AFD09}.Release|x86.Build.0 = Release|Win32
		{FED31D28-F838-4423-8D19-52B88615C8C1}.Debug|x64.ActiveCfg = Debug|x64
		{FED31D28-F838-4423-8D19-52B88615C8C1}.Debug|x64.Build.0 = Debug|x64
		{FED31D28-F838-4423-8D19-52B88615C8C1}.Debug|x86.ActiveCfg = Debug|Win32
		{FED31D28-F838-4423-8D19-52B88615C8C1}.Debug|x86.Build.0 = Debug|Win32
		{FED31D28-F838-4423-8D19-52B88615C8C1}.Release|x64.ActiveCfg = Release|x64
		{FED31D28-F838-4423-8D19-52B88615C8C1}.Release|x64.Build.0 = Release|x64
		{FED31D28-F838-4423-8D19-52B88615C8C1}.Release|x86.ActiveCfg = Release|Win32
		{FED31D28-F838-4423-8D19-52B88615C8C1}.Release|x86.Build.0 = Release|Win32
		{03D7B598-6A8B-4DDF-BAE0-2D90E980F6AD}.Debug|x64.ActiveCfg = Debug|x64
		{03D7B598-6A8B-4DDF-BAE0-2D90E980F6AD}.Debug|x64.Build.0 = Debug|x64
		{03D7B598-6A8B-4DDF-BAE0-2D90E980F6AD}.Debug|x86.ActiveCfg = Debug|Win32
		{03D7B598-6A8B-4DDF-BAE0-2D90E980F6AD}.Debug|x86.Build.0 = Debug|Win32
		{03D7B598-6A8B-4DDF-BAE0-2D90E980F6AD}.Release|x64.ActiveCfg = Release|x64
		{03D7B598-6A8B-4DDF-BAE0-2D90E980F6AD}.Release|x64.Build.0 = Release|x64
		{03D7B598-6A8B-4DDF-BAE0-2D90E980F6AD}.Release|x86.ActiveCfg = Release|Win32
		{03D7B598-6A8B-4DDF-BAE0-2D90E980F6AD}.Release|x86.Build.0 = Release|Win32
		{4C0A334D-D70C-46DE-9ED4-6733F8257684}.Debug|x64.ActiveCfg = Debug|x64
		{4C0A334D-D70C-46DE-9ED4-6733F8257684}.Debug|x64.Build.0 = Debug|x64
		{4C0A334D-D70C-46DE-9ED4-6733F8257684}.Debug|x86.ActiveCfg = Debug|Win32
		{4C0A334D-D70C-46DE-9ED4-6733F8257684}.Debug|x86.Build.0 = Debug|Win32
		{4C0A334D-D70C-46DE-9ED4-6733F8257684}.Release|x64.ActiveCfg = Release|x64
		{4C0A334D-D70C-46DE-9ED4-6733F8257684}.Release|x64.Build.0 = Release|x64
		{4C0A334D-D70C-46DE-9ED4-6733F8257684}.Release|x86.ActiveCfg = Release|Win32
		{4C0A334D-D70C-46DE-9ED4-6733F8257684}.Release|x86.Build.0 = Release|Win32
		{313C2C8A-3DAA-4FEA-AFE9-29416E171265}.Debug|x64.ActiveCfg = Debug|x64
		{313C2C8A-3DAA-4FEA-AFE9-29416E171265}.Debug|x64.Build.0 = Debug|x64
		{313C2C8A-3DAA-4FEA-AFE9-29416E171265}.Debug|x86.ActiveCfg = Debug|Win32
		{313C2C8A-3DAA-4FEA-AFE9-29416E171265}.Debug|x86.Build.0 = Debug|Win32
		{313C2C8A-3DAA-4FEA-AFE9-29416E171265}.Release|x64.ActiveCfg = Release|x64
		{313C2C8A-3DAA-4FEA-AFE9-29416E171265}.Release|x64.Build.0 = Release|x64
		{313C2C8A-3DAA-4FEA-AFE9-29416E171265}.Release|x86.ActiveCfg = Release|Win32
		{313C2C8A-3DAA-4FEA-AFE9-29416E171265}.Release|x86.Build.0 = Release|Win32
		{25CC29E4-B5C4-455A-9D3E-23B9A6F7D911}.Debug|x64.ActiveCfg = Debug|x64
		{25CC29E4-B5C4-455A-9D3E-23B9A6F7D911}.Debug|x64.Build.0 = Debug|x64
		{25CC29E4-B5C4-455A-9D3E-23B9A6F7D911}.Debug|x86.ActiveCfg = Debug|Win32
		{25CC29E4-B5C4-455A-9D3E-23B9A6F7D911}.Debug|x86.Build.0 = Debug|Win32
		{25CC29E4-B5C4-455A-9D3E-23B9A6F7D911}.Release|x64.ActiveCfg = Release|x64
		{25CC29E4-B5C4-455A-9D3E-23B9A6F7D911}.Release|x64.Build.0 = Release|x64
		{25CC29E4-B5C4-455A-9D3E-23B9A6F7D911}.Release|x86.ActiveCfg = Release|Win32
		{25CC29E4-B5C4-455A-9D3E-23B9A6F7D911}.Release|x86.Build.0 = Release|Win32
	EndGlobalSection
	GlobalSection(SolutionProperties) = preSolution
		HideSolutionNode = FALSE
	EndGlobalSection
	GlobalSection(ExtensibilityGlobals) = postSolution
		SolutionGuid = {25DEE543-CEB2-408C-A386-38590E5C7455}
	EndGlobalSection
EndGlobal
