
Microsoft Visual Studio Solution File, Format Version 12.00
# Visual Studio Version 16
VisualStudioVersion = 16.0.29613.14
MinimumVisualStudioVersion = 10.0.40219.1
Project("{8BC9CEB8-8B4A-11D0-8D11-00A0C91BC942}") = "Longest Increasing Subsequence", "Longest Increasing Subsequence\Longest Increasing Subsequence.vcxproj", "{B0F37F85-13D6-4ECE-8887-D3B650EBC719}"
EndProject
Project("{8BC9CEB8-8B4A-11D0-8D11-00A0C91BC942}") = "Longest Common Subsequence", "Longest Common Subsequence\Longest Common Subsequence.vcxproj", "{6CB88152-80C8-4B0C-9B8B-29588EB667EB}"
EndProject
Project("{8BC9CEB8-8B4A-11D0-8D11-00A0C91BC942}") = "Edit Distance", "Edit Distance\Edit Distance.vcxproj", "{334EE85F-AA43-467F-A93E-E12F87EB74D0}"
EndProject
Project("{8BC9CEB8-8B4A-11D0-8D11-00A0C91BC942}") = "Minimum Cost Path", "Minimum Cost Path\Minimum Cost Path.vcxproj", "{666CF1DA-9AA3-4ED8-BD48-5C3A41E9EA92}"
EndProject
Project("{8BC9CEB8-8B4A-11D0-8D11-00A0C91BC942}") = "Coin Change", "Coin Change\Coin Change.vcxproj", "{9A731C93-2C26-46B8-B58E-6C2B7F1EC5C8}"
EndProject
Global
	GlobalSection(SolutionConfigurationPlatforms) = preSolution
		Debug|x64 = Debug|x64
		Debug|x86 = Debug|x86
		Release|x64 = Release|x64
		Release|x86 = Release|x86
	EndGlobalSection
	GlobalSection(ProjectConfigurationPlatforms) = postSolution
		{B0F37F85-13D6-4ECE-8887-D3B650EBC719}.Debug|x64.ActiveCfg = Debug|x64
		{B0F37F85-13D6-4ECE-8887-D3B650EBC719}.Debug|x64.Build.0 = Debug|x64
		{B0F37F85-13D6-4ECE-8887-D3B650EBC719}.Debug|x86.ActiveCfg = Debug|Win32
		{B0F37F85-13D6-4ECE-8887-D3B650EBC719}.Debug|x86.Build.0 = Debug|Win32
		{B0F37F85-13D6-4ECE-8887-D3B650EBC719}.Release|x64.ActiveCfg = Release|x64
		{B0F37F85-13D6-4ECE-8887-D3B650EBC719}.Release|x64.Build.0 = Release|x64
		{B0F37F85-13D6-4ECE-8887-D3B650EBC719}.Release|x86.ActiveCfg = Release|Win32
		{B0F37F85-13D6-4ECE-8887-D3B650EBC719}.Release|x86.Build.0 = Release|Win32
		{6CB88152-80C8-4B0C-9B8B-29588EB667EB}.Debug|x64.ActiveCfg = Debug|x64
		{6CB88152-80C8-4B0C-9B8B-29588EB667EB}.Debug|x64.Build.0 = Debug|x64
		{6CB88152-80C8-4B0C-9B8B-29588EB667EB}.Debug|x86.ActiveCfg = Debug|Win32
		{6CB88152-80C8-4B0C-9B8B-29588EB667EB}.Debug|x86.Build.0 = Debug|Win32
		{6CB88152-80C8-4B0C-9B8B-29588EB667EB}.Release|x64.ActiveCfg = Release|x64
		{6CB88152-80C8-4B0C-9B8B-29588EB667EB}.Release|x64.Build.0 = Release|x64
		{6CB88152-80C8-4B0C-9B8B-29588EB667EB}.Release|x86.ActiveCfg = Release|Win32
		{6CB88152-80C8-4B0C-9B8B-29588EB667EB}.Release|x86.Build.0 = Release|Win32
		{334EE85F-AA43-467F-A93E-E12F87EB74D0}.Debug|x64.ActiveCfg = Debug|x64
		{334EE85F-AA43-467F-A93E-E12F87EB74D0}.Debug|x64.Build.0 = Debug|x64
		{334EE85F-AA43-467F-A93E-E12F87EB74D0}.Debug|x86.ActiveCfg = Debug|Win32
		{334EE85F-AA43-467F-A93E-E12F87EB74D0}.Debug|x86.Build.0 = Debug|Win32
		{334EE85F-AA43-467F-A93E-E12F87EB74D0}.Release|x64.ActiveCfg = Release|x64
		{334EE85F-AA43-467F-A93E-E12F87EB74D0}.Release|x64.Build.0 = Release|x64
		{334EE85F-AA43-467F-A93E-E12F87EB74D0}.Release|x86.ActiveCfg = Release|Win32
		{334EE85F-AA43-467F-A93E-E12F87EB74D0}.Release|x86.Build.0 = Release|Win32
		{666CF1DA-9AA3-4ED8-BD48-5C3A41E9EA92}.Debug|x64.ActiveCfg = Debug|x64
		{666CF1DA-9AA3-4ED8-BD48-5C3A41E9EA92}.Debug|x64.Build.0 = Debug|x64
		{666CF1DA-9AA3-4ED8-BD48-5C3A41E9EA92}.Debug|x86.ActiveCfg = Debug|Win32
		{666CF1DA-9AA3-4ED8-BD48-5C3A41E9EA92}.Debug|x86.Build.0 = Debug|Win32
		{666CF1DA-9AA3-4ED8-BD48-5C3A41E9EA92}.Release|x64.ActiveCfg = Release|x64
		{666CF1DA-9AA3-4ED8-BD48-5C3A41E9EA92}.Release|x64.Build.0 = Release|x64
		{666CF1DA-9AA3-4ED8-BD48-5C3A41E9EA92}.Release|x86.ActiveCfg = Release|Win32
		{666CF1DA-9AA3-4ED8-BD48-5C3A41E9EA92}.Release|x86.Build.0 = Release|Win32
		{9A731C93-2C26-46B8-B58E-6C2B7F1EC5C8}.Debug|x64.ActiveCfg = Debug|x64
		{9A731C93-2C26-46B8-B58E-6C2B7F1EC5C8}.Debug|x64.Build.0 = Debug|x64
		{9A731C93-2C26-46B8-B58E-6C2B7F1EC5C8}.Debug|x86.ActiveCfg = Debug|Win32
		{9A731C93-2C26-46B8-B58E-6C2B7F1EC5C8}.Debug|x86.Build.0 = Debug|Win32
		{9A731C93-2C26-46B8-B58E-6C2B7F1EC5C8}.Release|x64.ActiveCfg = Release|x64
		{9A731C93-2C26-46B8-B58E-6C2B7F1EC5C8}.Release|x64.Build.0 = Release|x64
		{9A731C93-2C26-46B8-B58E-6C2B7F1EC5C8}.Release|x86.ActiveCfg = Release|Win32
		{9A731C93-2C26-46B8-B58E-6C2B7F1EC5C8}.Release|x86.Build.0 = Release|Win32
	EndGlobalSection
	GlobalSection(SolutionProperties) = preSolution
		HideSolutionNode = FALSE
	EndGlobalSection
	GlobalSection(ExtensibilityGlobals) = postSolution
		SolutionGuid = {25DEE543-CEB2-408C-A386-38590E5C7455}
	EndGlobalSection
EndGlobal
